
Microsoft Visual Studio Solution File, Format Version 12.00
# Visual Studio Version 17
VisualStudioVersion = 17.1.31911.260
MinimumVisualStudioVersion = 10.0.40219.1
Project("{2150E333-8FDC-42A3-9474-1A3956D46DE8}") = "__Solution Items", "__Solution Items", "{B9039499-7B2C-4714-A631-25E239FBE189}"
	ProjectSection(SolutionItems) = preProject
		bitbucket-pipelines.yml = bitbucket-pipelines.yml
		Directory.Build.props = Directory.Build.props
		README.md = README.md
	EndProjectSection
EndProject
Project("{2150E333-8FDC-42A3-9474-1A3956D46DE8}") = "1. Krialys.Data", "1. Krialys.Data", "{51B96AE0-2B4D-4152-B44B-34AC45CB6D87}"
EndProject
Project("{2150E333-8FDC-42A3-9474-1A3956D46DE8}") = "0. Common", "0. Common", "{CF595596-28CB-4800-87E2-DEDCBADB6F00}"
EndProject
Project("{2150E333-8FDC-42A3-9474-1A3956D46DE8}") = "b. BackEnd", "b. BackEnd", "{7246F0D7-6068-45FF-9377-7EC86517876F}"
EndProject
Project("{2150E333-8FDC-42A3-9474-1A3956D46DE8}") = "d. FrontEnd", "d. FrontEnd", "{0BF83481-A0CB-435C-8492-F89FCE7C4E9A}"
EndProject
Project("{2150E333-8FDC-42A3-9474-1A3956D46DE8}") = "2 Krialys.Orkestra", "2 Krialys.Orkestra", "{B495A89C-A33E-4418-982A-C9F0A2C05540}"
EndProject
Project("{2150E333-8FDC-42A3-9474-1A3956D46DE8}") = "3. Krialys.Tools", "3. Krialys.Tools", "{57FD26F8-658D-4B59-83A4-B691F604D7E5}"
EndProject
Project("{2150E333-8FDC-42A3-9474-1A3956D46DE8}") = "c. WorkerNode", "c. WorkerNode", "{9D222E41-8B17-49F8-A838-8DA1247C68B4}"
EndProject
Project("{2150E333-8FDC-42A3-9474-1A3956D46DE8}") = "Modules", "Modules", "{04637B27-7B4B-49CD-9593-4632E197EBEE}"
EndProject
Project("{9A19103F-16F7-4668-BE54-9A1E7A4F7556}") = "Krialys.Orkestra.Web", "Krialys.Orkestra.Web\Krialys.Orkestra.Web.csproj", "{9D15115E-3364-476A-AB8C-89C6512751C3}"
EndProject
Project("{9A19103F-16F7-4668-BE54-9A1E7A4F7556}") = "Krialys.Orkestra.Web.Infrastructure", "Krialys.Orkestra.Web.Infrastructure\Krialys.Orkestra.Web.Infrastructure.csproj", "{5CF0092F-526A-498F-B014-58774E453F2F}"
EndProject
Project("{9A19103F-16F7-4668-BE54-9A1E7A4F7556}") = "Krialys.Orkestra.WebApi.Infrastructure", "Krialys.Orkestra.WebApi.Infrastructure\Krialys.Orkestra.WebApi.Infrastructure.csproj", "{13318102-5ABB-4FF1-8CDA-7C1EDD821459}"
EndProject
Project("{9A19103F-16F7-4668-BE54-9A1E7A4F7556}") = "Krialys.Common", "Krialys.Common\Krialys.Common\Krialys.Common.csproj", "{917C4C7C-9CD9-4FD1-9FE2-EEA5BAA69A11}"
EndProject
Project("{9A19103F-16F7-4668-BE54-9A1E7A4F7556}") = "DbStoreProxyTest", "Tools\TestProxies\DbStoreProxyTest.csproj", "{FF06D1DD-A136-4F9A-899B-95536A7C7B26}"
EndProject
Project("{9A19103F-16F7-4668-BE54-9A1E7A4F7556}") = "POCLdap", "Tools\POCLdap\POCLdap.csproj", "{51A75910-0AEE-4A27-8D7A-954335143A6D}"
EndProject
Project("{9A19103F-16F7-4668-BE54-9A1E7A4F7556}") = "Krialys.Orkestra.WebApi.Services", "Krialys.Orkestra.WebApi.Services\Krialys.Orkestra.WebApi.Services.csproj", "{969D4F6D-B6A1-48B7-937C-036936E7A434}"
EndProject
Project("{9A19103F-16F7-4668-BE54-9A1E7A4F7556}") = "Krialys.Orkestra.WebApi.Controllers", "Krialys.Orkestra.WebApi.Controllers\Krialys.Orkestra.WebApi.Controllers.csproj", "{8E03EA75-F1E0-45C3-90FC-C6EE9E8A4A5F}"
EndProject
Project("{2150E333-8FDC-42A3-9474-1A3956D46DE8}") = "Publish", "Publish", "{906D510C-2B05-428B-8AB0-504903F84736}"
	ProjectSection(SolutionItems) = preProject
		_Misc\Solution Publish\PUBLISH\00-PublishandZipAll.bat = _Misc\Solution Publish\PUBLISH\00-PublishandZipAll.bat
		_Misc\Solution Publish\PUBLISH\01-PublishFolder_ApiUnivers.bat = _Misc\Solution Publish\PUBLISH\01-PublishFolder_ApiUnivers.bat
		_Misc\Solution Publish\PUBLISH\02-PublishFolder_ParallelU.bat = _Misc\Solution Publish\PUBLISH\02-PublishFolder_ParallelU.bat
		_Misc\Solution Publish\PUBLISH\03-PublishFolder_Portail.bat = _Misc\Solution Publish\PUBLISH\03-PublishFolder_Portail.bat
		_Misc\Solution Publish\PUBLISH\04-ZipAndCleanup.bat = _Misc\Solution Publish\PUBLISH\04-ZipAndCleanup.bat
	EndProjectSection
EndProject
Project("{2150E333-8FDC-42A3-9474-1A3956D46DE8}") = "Common", "Common", "{3376F4DF-6CA6-47BB-909F-7504623182EB}"
EndProject
Project("{9A19103F-16F7-4668-BE54-9A1E7A4F7556}") = "Krialys.Orkestra.Web.Services", "Krialys.Orkestra.Web.Services\Krialys.Orkestra.Web.Services.csproj", "{9B3E2869-BBBC-405B-9B34-4E148E01BFB0}"
EndProject
Project("{9A19103F-16F7-4668-BE54-9A1E7A4F7556}") = "Krialys.Orkestra.Web.Module.ADM", "Krialys.Orkestra.Web.Modules\Krialys.Orkestra.Web.Module.Admin\Krialys.Orkestra.Web.Module.ADM.csproj", "{C083A60F-D38C-4ACE-BAD8-7922309C55C8}"
EndProject
Project("{9A19103F-16F7-4668-BE54-9A1E7A4F7556}") = "Krialys.Orkestra.Web.Module.Common", "Krialys.Orkestra.Web.Modules\Krialys.Orkestra.Web.Module.Common\Krialys.Orkestra.Web.Module.Common.csproj", "{9E3F2282-5AF6-4790-9D72-A31BE3DF6A93}"
EndProject
Project("{9A19103F-16F7-4668-BE54-9A1E7A4F7556}") = "Krialys.Orkestra.Web.Module.DTF", "Krialys.Orkestra.Web.Modules\Krialys.Orkestra.Web.Module.DTF\Krialys.Orkestra.Web.Module.DTF.csproj", "{0E1AB384-FCEC-4FCE-A5F9-480DBB1725BD}"
EndProject
Project("{9A19103F-16F7-4668-BE54-9A1E7A4F7556}") = "Krialys.Orkestra.Web.Module.DTM", "Krialys.Orkestra.Web.Modules\Krialys.Orkestra.Web.Module.DTM\Krialys.Orkestra.Web.Module.DTM.csproj", "{537F81B4-9ECF-42A1-A2FA-EE3270D0E4F6}"
EndProject
Project("{9A19103F-16F7-4668-BE54-9A1E7A4F7556}") = "Krialys.Orkestra.Web.Module.DTS", "Krialys.Orkestra.Web.Modules\Krialys.Orkestra.Web.Module.DTS\Krialys.Orkestra.Web.Module.DTS.csproj", "{219B8EB0-9DE2-4876-8320-5F95BFC018D3}"
EndProject
Project("{9A19103F-16F7-4668-BE54-9A1E7A4F7556}") = "Krialys.Orkestra.Web.Module.ETQ", "Krialys.Orkestra.Web.Modules\Krialys.Orkestra.Web.Module.ETQ\Krialys.Orkestra.Web.Module.ETQ.csproj", "{9F9B10CD-BB30-4690-91BE-A333423D87A4}"
EndProject
Project("{9A19103F-16F7-4668-BE54-9A1E7A4F7556}") = "Krialys.Orkestra.Web.Module.MSO", "Krialys.Orkestra.Web.Modules\Krialys.Orkestra.Web.Module.MSO\Krialys.Orkestra.Web.Module.MSO.csproj", "{6EFAE2B7-CC67-49E1-B662-E1E445E38F45}"
EndProject
Project("{9A19103F-16F7-4668-BE54-9A1E7A4F7556}") = "Krialys.Orkestra.Web.Module.Misc", "Krialys.Orkestra.Web.Modules\Krialys.Orkestra.Web.Module.Misc\Krialys.Orkestra.Web.Module.Misc.csproj", "{E65AB891-2E2F-4865-8C36-ACF2A628C523}"
EndProject
Project("{9A19103F-16F7-4668-BE54-9A1E7A4F7556}") = "Krialys.Orkestra.WebApi.Serilog.SQLite", "Krialys.Orkestra.WebApi.Serilog.SQLite\Krialys.Orkestra.WebApi.Serilog.SQLite.csproj", "{0F6C6735-31CC-43ED-9029-970BDC90DD31}"
EndProject
Project("{9A19103F-16F7-4668-BE54-9A1E7A4F7556}") = "Krialys.Data.EF.Common", "Krialys.Data\Krialys.Data.EF.Common\Krialys.Data.EF.Common.csproj", "{87D89202-14D2-4256-A6B4-0983A5F40968}"
EndProject
Project("{9A19103F-16F7-4668-BE54-9A1E7A4F7556}") = "Krialys.Orkestra.WebApi.Jobs", "Krialys.Orkestra.WebApi.Jobs\Krialys.Orkestra.WebApi.Jobs.csproj", "{55BBC440-2D16-4099-8590-C9815C70807D}"
EndProject
Project("{2150E333-8FDC-42A3-9474-1A3956D46DE8}") = "Config", "Config", "{91EBCB77-1569-4E31-BFC5-4F89EDCC74F4}"
	ProjectSection(SolutionItems) = preProject
		.dockerignore = .dockerignore
		.editorconfig = .editorconfig
		.gitignore = .gitignore
		dotnet.ruleset = dotnet.ruleset
		stylecop.json = stylecop.json
	EndProjectSection
EndProject
Project("{9A19103F-16F7-4668-BE54-9A1E7A4F7556}") = "Krialys.Orkestra.Common", "Krialys.Orkestra.Common\Krialys.Orkestra.Common.csproj", "{8F80692A-94E9-4A44-873B-8AE7D87E8961}"
EndProject
Project("{2150E333-8FDC-42A3-9474-1A3956D46DE8}") = "a. Common", "a. Common", "{69152E56-C4FE-4742-BB8D-A934E5D35A7E}"
EndProject
Project("{9A19103F-16F7-4668-BE54-9A1E7A4F7556}") = "Krialys.Orkestra.WebApi", "Krialys.Orkestra.WebApi\Krialys.Orkestra.WebApi.csproj", "{44748A8F-7F3A-4859-B16E-368DC300C830}"
EndProject
Project("{9A19103F-16F7-4668-BE54-9A1E7A4F7556}") = "Krialys.Orkestra.Web.Common", "Krialys.Orkestra.Web.Common\Krialys.Orkestra.Web.Common.csproj", "{013E6B38-249B-4618-88D4-A29AAB5DF0FE}"
EndProject
Project("{9A19103F-16F7-4668-BE54-9A1E7A4F7556}") = "Krialys.Data.EF.Etq", "Krialys.Data\Krialys.Data.EF.Etq\Krialys.Data.EF.Etq.csproj", "{BC7EB59E-A3A5-4541-B40A-AC94551C83BF}"
EndProject
Project("{9A19103F-16F7-4668-BE54-9A1E7A4F7556}") = "Krialys.Data.EF.FileStorage", "Krialys.Data\Krialys.Data.EF.FileStorage\Krialys.Data.EF.FileStorage.csproj", "{5BC504A4-25DE-4627-B50B-8C5548DFEDEC}"
EndProject
Project("{9A19103F-16F7-4668-BE54-9A1E7A4F7556}") = "Krialys.Data.EF.Logs", "Krialys.Data\Krialys.Data.EF.Logs\Krialys.Data.EF.Logs.csproj", "{E55778BD-87F8-48B0-80CC-EF8191466CCA}"
EndProject
Project("{9A19103F-16F7-4668-BE54-9A1E7A4F7556}") = "Krialys.Data.EF.Mso", "Krialys.Data\Krialys.Data.EF.Mso\Krialys.Data.EF.Mso.csproj", "{106C1B40-A658-47A0-8C44-48F8755736FA}"
EndProject
Project("{9A19103F-16F7-4668-BE54-9A1E7A4F7556}") = "Krialys.Data.EF.Univers", "Krialys.Data\Krialys.Data.EF.Univers\Krialys.Data.EF.Univers.csproj", "{3EEEA170-FB13-4689-8D0D-793AE6361DB5}"
EndProject
Project("{9A19103F-16F7-4668-BE54-9A1E7A4F7556}") = "Krialys.Data.EF.RefManager", "Krialys.Data\Krialys.Data.EF.RefManager\Krialys.Data.EF.RefManager.csproj", "{F1D9B367-7CBD-4EBC-92C8-040DDCC0959E}"
EndProject
Project("{9A19103F-16F7-4668-BE54-9A1E7A4F7556}") = "Krialys.Model", "Krialys.Common\Krialys.Model\Krialys.Model.csproj", "{26268781-AA60-420A-8F1C-83CAFAC3ACBA}"
EndProject
Project("{9A19103F-16F7-4668-BE54-9A1E7A4F7556}") = "Krialys.Orkestra.WebApi.Proxy", "Krialys.Orkestra.WebApi.Proxy\Krialys.Orkestra.WebApi.Proxy.csproj", "{EC27A4D4-0690-41F7-846E-A334E636987D}"
EndProject
Project("{9A19103F-16F7-4668-BE54-9A1E7A4F7556}") = "Krialys.Orkestra.AutoUpdater", "Krialys.Orkestra.AutoUpdater\Krialys.Orkestra.AutoUpdater.csproj", "{037D8E41-913A-41AB-AC40-61D803E2CBDE}"
EndProject
Project("{2150E333-8FDC-42A3-9474-1A3956D46DE8}") = "4. Tests", "4. Tests", "{B63551EF-19B4-4792-B3A8-B67CC9E7B9B8}"
EndProject
Project("{9A19103F-16F7-4668-BE54-9A1E7A4F7556}") = "Krialys.Orkestra.Tests", "Krialys.Orkestra.Tests\Krialys.Orkestra.Tests.csproj", "{20D73219-3F71-418D-9C53-1BBB8802D464}"
EndProject
Project("{9A19103F-16F7-4668-BE54-9A1E7A4F7556}") = "Krialys.Orkestra.WorkerNode", "Krialys.Orkestra.ParallelU\Krialys.Orkestra.WorkerNode.csproj", "{AEAA5F0C-27DB-430C-8D42-11D48B42C6FA}"
EndProject
Global
	GlobalSection(SolutionConfigurationPlatforms) = preSolution
		Debug|Any CPU = Debug|Any CPU
		Release|Any CPU = Release|Any CPU
		Release-Dev|Any CPU = Release-Dev|Any CPU
		Release-Prod-Aew|Any CPU = Release-Prod-Aew|Any CPU
		Release-Prod-Demo|Any CPU = Release-Prod-Demo|Any CPU
		Release-Prod-Krialys|Any CPU = Release-Prod-Krialys|Any CPU
		Release-Prod-Sncf|Any CPU = Release-Prod-Sncf|Any CPU
		Release-Staging-Aew|Any CPU = Release-Staging-Aew|Any CPU
		Release-Staging-Sncf|Any CPU = Release-Staging-Sncf|Any CPU
		Release-Uat|Any CPU = Release-Uat|Any CPU
	EndGlobalSection
	GlobalSection(ProjectConfigurationPlatforms) = postSolution
		{9D15115E-3364-476A-AB8C-89C6512751C3}.Debug|Any CPU.ActiveCfg = Debug|Any CPU
		{9D15115E-3364-476A-AB8C-89C6512751C3}.Debug|Any CPU.Build.0 = Debug|Any CPU
		{9D15115E-3364-476A-AB8C-89C6512751C3}.Release|Any CPU.ActiveCfg = Release|Any CPU
		{9D15115E-3364-476A-AB8C-89C6512751C3}.Release|Any CPU.Build.0 = Release|Any CPU
		{9D15115E-3364-476A-AB8C-89C6512751C3}.Release-Dev|Any CPU.ActiveCfg = Release|Any CPU
		{9D15115E-3364-476A-AB8C-89C6512751C3}.Release-Dev|Any CPU.Build.0 = Release|Any CPU
		{9D15115E-3364-476A-AB8C-89C6512751C3}.Release-Prod-Aew|Any CPU.ActiveCfg = Release|Any CPU
		{9D15115E-3364-476A-AB8C-89C6512751C3}.Release-Prod-Aew|Any CPU.Build.0 = Release|Any CPU
		{9D15115E-3364-476A-AB8C-89C6512751C3}.Release-Prod-Demo|Any CPU.ActiveCfg = Release|Any CPU
		{9D15115E-3364-476A-AB8C-89C6512751C3}.Release-Prod-Demo|Any CPU.Build.0 = Release|Any CPU
		{9D15115E-3364-476A-AB8C-89C6512751C3}.Release-Prod-Krialys|Any CPU.ActiveCfg = Release|Any CPU
		{9D15115E-3364-476A-AB8C-89C6512751C3}.Release-Prod-Krialys|Any CPU.Build.0 = Release|Any CPU
		{9D15115E-3364-476A-AB8C-89C6512751C3}.Release-Prod-Sncf|Any CPU.ActiveCfg = Release|Any CPU
		{9D15115E-3364-476A-AB8C-89C6512751C3}.Release-Prod-Sncf|Any CPU.Build.0 = Release|Any CPU
		{9D15115E-3364-476A-AB8C-89C6512751C3}.Release-Staging-Aew|Any CPU.ActiveCfg = Release|Any CPU
		{9D15115E-3364-476A-AB8C-89C6512751C3}.Release-Staging-Aew|Any CPU.Build.0 = Release|Any CPU
		{9D15115E-3364-476A-AB8C-89C6512751C3}.Release-Staging-Sncf|Any CPU.ActiveCfg = Release|Any CPU
		{9D15115E-3364-476A-AB8C-89C6512751C3}.Release-Staging-Sncf|Any CPU.Build.0 = Release|Any CPU
		{9D15115E-3364-476A-AB8C-89C6512751C3}.Release-Uat|Any CPU.ActiveCfg = Release|Any CPU
		{9D15115E-3364-476A-AB8C-89C6512751C3}.Release-Uat|Any CPU.Build.0 = Release|Any CPU
		{5CF0092F-526A-498F-B014-58774E453F2F}.Debug|Any CPU.ActiveCfg = Debug|Any CPU
		{5CF0092F-526A-498F-B014-58774E453F2F}.Debug|Any CPU.Build.0 = Debug|Any CPU
		{5CF0092F-526A-498F-B014-58774E453F2F}.Release|Any CPU.ActiveCfg = Release|Any CPU
		{5CF0092F-526A-498F-B014-58774E453F2F}.Release|Any CPU.Build.0 = Release|Any CPU
		{5CF0092F-526A-498F-B014-58774E453F2F}.Release-Dev|Any CPU.ActiveCfg = Release|Any CPU
		{5CF0092F-526A-498F-B014-58774E453F2F}.Release-Dev|Any CPU.Build.0 = Release|Any CPU
		{5CF0092F-526A-498F-B014-58774E453F2F}.Release-Prod-Aew|Any CPU.ActiveCfg = Release|Any CPU
		{5CF0092F-526A-498F-B014-58774E453F2F}.Release-Prod-Aew|Any CPU.Build.0 = Release|Any CPU
		{5CF0092F-526A-498F-B014-58774E453F2F}.Release-Prod-Demo|Any CPU.ActiveCfg = Release|Any CPU
		{5CF0092F-526A-498F-B014-58774E453F2F}.Release-Prod-Demo|Any CPU.Build.0 = Release|Any CPU
		{5CF0092F-526A-498F-B014-58774E453F2F}.Release-Prod-Krialys|Any CPU.ActiveCfg = Release|Any CPU
		{5CF0092F-526A-498F-B014-58774E453F2F}.Release-Prod-Krialys|Any CPU.Build.0 = Release|Any CPU
		{5CF0092F-526A-498F-B014-58774E453F2F}.Release-Prod-Sncf|Any CPU.ActiveCfg = Release|Any CPU
		{5CF0092F-526A-498F-B014-58774E453F2F}.Release-Prod-Sncf|Any CPU.Build.0 = Release|Any CPU
		{5CF0092F-526A-498F-B014-58774E453F2F}.Release-Staging-Aew|Any CPU.ActiveCfg = Release|Any CPU
		{5CF0092F-526A-498F-B014-58774E453F2F}.Release-Staging-Aew|Any CPU.Build.0 = Release|Any CPU
		{5CF0092F-526A-498F-B014-58774E453F2F}.Release-Staging-Sncf|Any CPU.ActiveCfg = Release|Any CPU
		{5CF0092F-526A-498F-B014-58774E453F2F}.Release-Staging-Sncf|Any CPU.Build.0 = Release|Any CPU
		{5CF0092F-526A-498F-B014-58774E453F2F}.Release-Uat|Any CPU.ActiveCfg = Release|Any CPU
		{5CF0092F-526A-498F-B014-58774E453F2F}.Release-Uat|Any CPU.Build.0 = Release|Any CPU
		{13318102-5ABB-4FF1-8CDA-7C1EDD821459}.Debug|Any CPU.ActiveCfg = Debug|Any CPU
		{13318102-5ABB-4FF1-8CDA-7C1EDD821459}.Debug|Any CPU.Build.0 = Debug|Any CPU
		{13318102-5ABB-4FF1-8CDA-7C1EDD821459}.Release|Any CPU.ActiveCfg = Release|Any CPU
		{13318102-5ABB-4FF1-8CDA-7C1EDD821459}.Release|Any CPU.Build.0 = Release|Any CPU
		{13318102-5ABB-4FF1-8CDA-7C1EDD821459}.Release-Dev|Any CPU.ActiveCfg = Release|Any CPU
		{13318102-5ABB-4FF1-8CDA-7C1EDD821459}.Release-Dev|Any CPU.Build.0 = Release|Any CPU
		{13318102-5ABB-4FF1-8CDA-7C1EDD821459}.Release-Prod-Aew|Any CPU.ActiveCfg = Release|Any CPU
		{13318102-5ABB-4FF1-8CDA-7C1EDD821459}.Release-Prod-Aew|Any CPU.Build.0 = Release|Any CPU
		{13318102-5ABB-4FF1-8CDA-7C1EDD821459}.Release-Prod-Demo|Any CPU.ActiveCfg = Release|Any CPU
		{13318102-5ABB-4FF1-8CDA-7C1EDD821459}.Release-Prod-Demo|Any CPU.Build.0 = Release|Any CPU
		{13318102-5ABB-4FF1-8CDA-7C1EDD821459}.Release-Prod-Krialys|Any CPU.ActiveCfg = Release|Any CPU
		{13318102-5ABB-4FF1-8CDA-7C1EDD821459}.Release-Prod-Krialys|Any CPU.Build.0 = Release|Any CPU
		{13318102-5ABB-4FF1-8CDA-7C1EDD821459}.Release-Prod-Sncf|Any CPU.ActiveCfg = Release|Any CPU
		{13318102-5ABB-4FF1-8CDA-7C1EDD821459}.Release-Prod-Sncf|Any CPU.Build.0 = Release|Any CPU
		{13318102-5ABB-4FF1-8CDA-7C1EDD821459}.Release-Staging-Aew|Any CPU.ActiveCfg = Release|Any CPU
		{13318102-5ABB-4FF1-8CDA-7C1EDD821459}.Release-Staging-Aew|Any CPU.Build.0 = Release|Any CPU
		{13318102-5ABB-4FF1-8CDA-7C1EDD821459}.Release-Staging-Sncf|Any CPU.ActiveCfg = Release|Any CPU
		{13318102-5ABB-4FF1-8CDA-7C1EDD821459}.Release-Staging-Sncf|Any CPU.Build.0 = Release|Any CPU
		{13318102-5ABB-4FF1-8CDA-7C1EDD821459}.Release-Uat|Any CPU.ActiveCfg = Release|Any CPU
		{13318102-5ABB-4FF1-8CDA-7C1EDD821459}.Release-Uat|Any CPU.Build.0 = Release|Any CPU
		{917C4C7C-9CD9-4FD1-9FE2-EEA5BAA69A11}.Debug|Any CPU.ActiveCfg = Debug|Any CPU
		{917C4C7C-9CD9-4FD1-9FE2-EEA5BAA69A11}.Debug|Any CPU.Build.0 = Debug|Any CPU
		{917C4C7C-9CD9-4FD1-9FE2-EEA5BAA69A11}.Release|Any CPU.ActiveCfg = Release|Any CPU
		{917C4C7C-9CD9-4FD1-9FE2-EEA5BAA69A11}.Release|Any CPU.Build.0 = Release|Any CPU
		{917C4C7C-9CD9-4FD1-9FE2-EEA5BAA69A11}.Release-Dev|Any CPU.ActiveCfg = Release|Any CPU
		{917C4C7C-9CD9-4FD1-9FE2-EEA5BAA69A11}.Release-Dev|Any CPU.Build.0 = Release|Any CPU
		{917C4C7C-9CD9-4FD1-9FE2-EEA5BAA69A11}.Release-Prod-Aew|Any CPU.ActiveCfg = Release|Any CPU
		{917C4C7C-9CD9-4FD1-9FE2-EEA5BAA69A11}.Release-Prod-Aew|Any CPU.Build.0 = Release|Any CPU
		{917C4C7C-9CD9-4FD1-9FE2-EEA5BAA69A11}.Release-Prod-Demo|Any CPU.ActiveCfg = Release|Any CPU
		{917C4C7C-9CD9-4FD1-9FE2-EEA5BAA69A11}.Release-Prod-Demo|Any CPU.Build.0 = Release|Any CPU
		{917C4C7C-9CD9-4FD1-9FE2-EEA5BAA69A11}.Release-Prod-Krialys|Any CPU.ActiveCfg = Release|Any CPU
		{917C4C7C-9CD9-4FD1-9FE2-EEA5BAA69A11}.Release-Prod-Krialys|Any CPU.Build.0 = Release|Any CPU
		{917C4C7C-9CD9-4FD1-9FE2-EEA5BAA69A11}.Release-Prod-Sncf|Any CPU.ActiveCfg = Release|Any CPU
		{917C4C7C-9CD9-4FD1-9FE2-EEA5BAA69A11}.Release-Prod-Sncf|Any CPU.Build.0 = Release|Any CPU
		{917C4C7C-9CD9-4FD1-9FE2-EEA5BAA69A11}.Release-Staging-Aew|Any CPU.ActiveCfg = Release|Any CPU
		{917C4C7C-9CD9-4FD1-9FE2-EEA5BAA69A11}.Release-Staging-Aew|Any CPU.Build.0 = Release|Any CPU
		{917C4C7C-9CD9-4FD1-9FE2-EEA5BAA69A11}.Release-Staging-Sncf|Any CPU.ActiveCfg = Release|Any CPU
		{917C4C7C-9CD9-4FD1-9FE2-EEA5BAA69A11}.Release-Staging-Sncf|Any CPU.Build.0 = Release|Any CPU
		{917C4C7C-9CD9-4FD1-9FE2-EEA5BAA69A11}.Release-Uat|Any CPU.ActiveCfg = Release|Any CPU
		{917C4C7C-9CD9-4FD1-9FE2-EEA5BAA69A11}.Release-Uat|Any CPU.Build.0 = Release|Any CPU
		{FF06D1DD-A136-4F9A-899B-95536A7C7B26}.Debug|Any CPU.ActiveCfg = Debug|Any CPU
		{FF06D1DD-A136-4F9A-899B-95536A7C7B26}.Debug|Any CPU.Build.0 = Debug|Any CPU
		{FF06D1DD-A136-4F9A-899B-95536A7C7B26}.Release|Any CPU.ActiveCfg = Release|Any CPU
		{FF06D1DD-A136-4F9A-899B-95536A7C7B26}.Release|Any CPU.Build.0 = Release|Any CPU
		{FF06D1DD-A136-4F9A-899B-95536A7C7B26}.Release-Dev|Any CPU.ActiveCfg = Release|Any CPU
		{FF06D1DD-A136-4F9A-899B-95536A7C7B26}.Release-Dev|Any CPU.Build.0 = Release|Any CPU
		{FF06D1DD-A136-4F9A-899B-95536A7C7B26}.Release-Prod-Aew|Any CPU.ActiveCfg = Release|Any CPU
		{FF06D1DD-A136-4F9A-899B-95536A7C7B26}.Release-Prod-Aew|Any CPU.Build.0 = Release|Any CPU
		{FF06D1DD-A136-4F9A-899B-95536A7C7B26}.Release-Prod-Demo|Any CPU.ActiveCfg = Release|Any CPU
		{FF06D1DD-A136-4F9A-899B-95536A7C7B26}.Release-Prod-Demo|Any CPU.Build.0 = Release|Any CPU
		{FF06D1DD-A136-4F9A-899B-95536A7C7B26}.Release-Prod-Krialys|Any CPU.ActiveCfg = Release|Any CPU
		{FF06D1DD-A136-4F9A-899B-95536A7C7B26}.Release-Prod-Krialys|Any CPU.Build.0 = Release|Any CPU
		{FF06D1DD-A136-4F9A-899B-95536A7C7B26}.Release-Prod-Sncf|Any CPU.ActiveCfg = Release|Any CPU
		{FF06D1DD-A136-4F9A-899B-95536A7C7B26}.Release-Prod-Sncf|Any CPU.Build.0 = Release|Any CPU
		{FF06D1DD-A136-4F9A-899B-95536A7C7B26}.Release-Staging-Aew|Any CPU.ActiveCfg = Release|Any CPU
		{FF06D1DD-A136-4F9A-899B-95536A7C7B26}.Release-Staging-Aew|Any CPU.Build.0 = Release|Any CPU
		{FF06D1DD-A136-4F9A-899B-95536A7C7B26}.Release-Staging-Sncf|Any CPU.ActiveCfg = Release|Any CPU
		{FF06D1DD-A136-4F9A-899B-95536A7C7B26}.Release-Staging-Sncf|Any CPU.Build.0 = Release|Any CPU
		{FF06D1DD-A136-4F9A-899B-95536A7C7B26}.Release-Uat|Any CPU.ActiveCfg = Release|Any CPU
		{FF06D1DD-A136-4F9A-899B-95536A7C7B26}.Release-Uat|Any CPU.Build.0 = Release|Any CPU
		{51A75910-0AEE-4A27-8D7A-954335143A6D}.Debug|Any CPU.ActiveCfg = Debug|Any CPU
		{51A75910-0AEE-4A27-8D7A-954335143A6D}.Debug|Any CPU.Build.0 = Debug|Any CPU
		{51A75910-0AEE-4A27-8D7A-954335143A6D}.Release|Any CPU.ActiveCfg = Release|Any CPU
		{51A75910-0AEE-4A27-8D7A-954335143A6D}.Release|Any CPU.Build.0 = Release|Any CPU
		{51A75910-0AEE-4A27-8D7A-954335143A6D}.Release-Dev|Any CPU.ActiveCfg = Release|Any CPU
		{51A75910-0AEE-4A27-8D7A-954335143A6D}.Release-Dev|Any CPU.Build.0 = Release|Any CPU
		{51A75910-0AEE-4A27-8D7A-954335143A6D}.Release-Prod-Aew|Any CPU.ActiveCfg = Release|Any CPU
		{51A75910-0AEE-4A27-8D7A-954335143A6D}.Release-Prod-Aew|Any CPU.Build.0 = Release|Any CPU
		{51A75910-0AEE-4A27-8D7A-954335143A6D}.Release-Prod-Demo|Any CPU.ActiveCfg = Release|Any CPU
		{51A75910-0AEE-4A27-8D7A-954335143A6D}.Release-Prod-Demo|Any CPU.Build.0 = Release|Any CPU
		{51A75910-0AEE-4A27-8D7A-954335143A6D}.Release-Prod-Krialys|Any CPU.ActiveCfg = Release|Any CPU
		{51A75910-0AEE-4A27-8D7A-954335143A6D}.Release-Prod-Krialys|Any CPU.Build.0 = Release|Any CPU
		{51A75910-0AEE-4A27-8D7A-954335143A6D}.Release-Prod-Sncf|Any CPU.ActiveCfg = Release|Any CPU
		{51A75910-0AEE-4A27-8D7A-954335143A6D}.Release-Prod-Sncf|Any CPU.Build.0 = Release|Any CPU
		{51A75910-0AEE-4A27-8D7A-954335143A6D}.Release-Staging-Aew|Any CPU.ActiveCfg = Release|Any CPU
		{51A75910-0AEE-4A27-8D7A-954335143A6D}.Release-Staging-Aew|Any CPU.Build.0 = Release|Any CPU
		{51A75910-0AEE-4A27-8D7A-954335143A6D}.Release-Staging-Sncf|Any CPU.ActiveCfg = Release|Any CPU
		{51A75910-0AEE-4A27-8D7A-954335143A6D}.Release-Staging-Sncf|Any CPU.Build.0 = Release|Any CPU
		{51A75910-0AEE-4A27-8D7A-954335143A6D}.Release-Uat|Any CPU.ActiveCfg = Release|Any CPU
		{51A75910-0AEE-4A27-8D7A-954335143A6D}.Release-Uat|Any CPU.Build.0 = Release|Any CPU
		{969D4F6D-B6A1-48B7-937C-036936E7A434}.Debug|Any CPU.ActiveCfg = Debug|Any CPU
		{969D4F6D-B6A1-48B7-937C-036936E7A434}.Debug|Any CPU.Build.0 = Debug|Any CPU
		{969D4F6D-B6A1-48B7-937C-036936E7A434}.Release|Any CPU.ActiveCfg = Release|Any CPU
		{969D4F6D-B6A1-48B7-937C-036936E7A434}.Release|Any CPU.Build.0 = Release|Any CPU
		{969D4F6D-B6A1-48B7-937C-036936E7A434}.Release-Dev|Any CPU.ActiveCfg = Release|Any CPU
		{969D4F6D-B6A1-48B7-937C-036936E7A434}.Release-Dev|Any CPU.Build.0 = Release|Any CPU
		{969D4F6D-B6A1-48B7-937C-036936E7A434}.Release-Prod-Aew|Any CPU.ActiveCfg = Release|Any CPU
		{969D4F6D-B6A1-48B7-937C-036936E7A434}.Release-Prod-Aew|Any CPU.Build.0 = Release|Any CPU
		{969D4F6D-B6A1-48B7-937C-036936E7A434}.Release-Prod-Demo|Any CPU.ActiveCfg = Release|Any CPU
		{969D4F6D-B6A1-48B7-937C-036936E7A434}.Release-Prod-Demo|Any CPU.Build.0 = Release|Any CPU
		{969D4F6D-B6A1-48B7-937C-036936E7A434}.Release-Prod-Krialys|Any CPU.ActiveCfg = Release|Any CPU
		{969D4F6D-B6A1-48B7-937C-036936E7A434}.Release-Prod-Krialys|Any CPU.Build.0 = Release|Any CPU
		{969D4F6D-B6A1-48B7-937C-036936E7A434}.Release-Prod-Sncf|Any CPU.ActiveCfg = Release|Any CPU
		{969D4F6D-B6A1-48B7-937C-036936E7A434}.Release-Prod-Sncf|Any CPU.Build.0 = Release|Any CPU
		{969D4F6D-B6A1-48B7-937C-036936E7A434}.Release-Staging-Aew|Any CPU.ActiveCfg = Release|Any CPU
		{969D4F6D-B6A1-48B7-937C-036936E7A434}.Release-Staging-Aew|Any CPU.Build.0 = Release|Any CPU
		{969D4F6D-B6A1-48B7-937C-036936E7A434}.Release-Staging-Sncf|Any CPU.ActiveCfg = Release|Any CPU
		{969D4F6D-B6A1-48B7-937C-036936E7A434}.Release-Staging-Sncf|Any CPU.Build.0 = Release|Any CPU
		{969D4F6D-B6A1-48B7-937C-036936E7A434}.Release-Uat|Any CPU.ActiveCfg = Release|Any CPU
		{969D4F6D-B6A1-48B7-937C-036936E7A434}.Release-Uat|Any CPU.Build.0 = Release|Any CPU
		{8E03EA75-F1E0-45C3-90FC-C6EE9E8A4A5F}.Debug|Any CPU.ActiveCfg = Debug|Any CPU
		{8E03EA75-F1E0-45C3-90FC-C6EE9E8A4A5F}.Debug|Any CPU.Build.0 = Debug|Any CPU
		{8E03EA75-F1E0-45C3-90FC-C6EE9E8A4A5F}.Release|Any CPU.ActiveCfg = Release|Any CPU
		{8E03EA75-F1E0-45C3-90FC-C6EE9E8A4A5F}.Release|Any CPU.Build.0 = Release|Any CPU
		{8E03EA75-F1E0-45C3-90FC-C6EE9E8A4A5F}.Release-Dev|Any CPU.ActiveCfg = Release|Any CPU
		{8E03EA75-F1E0-45C3-90FC-C6EE9E8A4A5F}.Release-Dev|Any CPU.Build.0 = Release|Any CPU
		{8E03EA75-F1E0-45C3-90FC-C6EE9E8A4A5F}.Release-Prod-Aew|Any CPU.ActiveCfg = Release|Any CPU
		{8E03EA75-F1E0-45C3-90FC-C6EE9E8A4A5F}.Release-Prod-Aew|Any CPU.Build.0 = Release|Any CPU
		{8E03EA75-F1E0-45C3-90FC-C6EE9E8A4A5F}.Release-Prod-Demo|Any CPU.ActiveCfg = Release|Any CPU
		{8E03EA75-F1E0-45C3-90FC-C6EE9E8A4A5F}.Release-Prod-Demo|Any CPU.Build.0 = Release|Any CPU
		{8E03EA75-F1E0-45C3-90FC-C6EE9E8A4A5F}.Release-Prod-Krialys|Any CPU.ActiveCfg = Release|Any CPU
		{8E03EA75-F1E0-45C3-90FC-C6EE9E8A4A5F}.Release-Prod-Krialys|Any CPU.Build.0 = Release|Any CPU
		{8E03EA75-F1E0-45C3-90FC-C6EE9E8A4A5F}.Release-Prod-Sncf|Any CPU.ActiveCfg = Release|Any CPU
		{8E03EA75-F1E0-45C3-90FC-C6EE9E8A4A5F}.Release-Prod-Sncf|Any CPU.Build.0 = Release|Any CPU
		{8E03EA75-F1E0-45C3-90FC-C6EE9E8A4A5F}.Release-Staging-Aew|Any CPU.ActiveCfg = Release|Any CPU
		{8E03EA75-F1E0-45C3-90FC-C6EE9E8A4A5F}.Release-Staging-Aew|Any CPU.Build.0 = Release|Any CPU
		{8E03EA75-F1E0-45C3-90FC-C6EE9E8A4A5F}.Release-Staging-Sncf|Any CPU.ActiveCfg = Release|Any CPU
		{8E03EA75-F1E0-45C3-90FC-C6EE9E8A4A5F}.Release-Staging-Sncf|Any CPU.Build.0 = Release|Any CPU
		{8E03EA75-F1E0-45C3-90FC-C6EE9E8A4A5F}.Release-Uat|Any CPU.ActiveCfg = Release|Any CPU
		{8E03EA75-F1E0-45C3-90FC-C6EE9E8A4A5F}.Release-Uat|Any CPU.Build.0 = Release|Any CPU
		{9B3E2869-BBBC-405B-9B34-4E148E01BFB0}.Debug|Any CPU.ActiveCfg = Debug|Any CPU
		{9B3E2869-BBBC-405B-9B34-4E148E01BFB0}.Debug|Any CPU.Build.0 = Debug|Any CPU
		{9B3E2869-BBBC-405B-9B34-4E148E01BFB0}.Release|Any CPU.ActiveCfg = Release|Any CPU
		{9B3E2869-BBBC-405B-9B34-4E148E01BFB0}.Release|Any CPU.Build.0 = Release|Any CPU
		{9B3E2869-BBBC-405B-9B34-4E148E01BFB0}.Release-Dev|Any CPU.ActiveCfg = Release|Any CPU
		{9B3E2869-BBBC-405B-9B34-4E148E01BFB0}.Release-Dev|Any CPU.Build.0 = Release|Any CPU
		{9B3E2869-BBBC-405B-9B34-4E148E01BFB0}.Release-Prod-Aew|Any CPU.ActiveCfg = Release|Any CPU
		{9B3E2869-BBBC-405B-9B34-4E148E01BFB0}.Release-Prod-Aew|Any CPU.Build.0 = Release|Any CPU
		{9B3E2869-BBBC-405B-9B34-4E148E01BFB0}.Release-Prod-Demo|Any CPU.ActiveCfg = Release|Any CPU
		{9B3E2869-BBBC-405B-9B34-4E148E01BFB0}.Release-Prod-Demo|Any CPU.Build.0 = Release|Any CPU
		{9B3E2869-BBBC-405B-9B34-4E148E01BFB0}.Release-Prod-Krialys|Any CPU.ActiveCfg = Release|Any CPU
		{9B3E2869-BBBC-405B-9B34-4E148E01BFB0}.Release-Prod-Krialys|Any CPU.Build.0 = Release|Any CPU
		{9B3E2869-BBBC-405B-9B34-4E148E01BFB0}.Release-Prod-Sncf|Any CPU.ActiveCfg = Release|Any CPU
		{9B3E2869-BBBC-405B-9B34-4E148E01BFB0}.Release-Prod-Sncf|Any CPU.Build.0 = Release|Any CPU
		{9B3E2869-BBBC-405B-9B34-4E148E01BFB0}.Release-Staging-Aew|Any CPU.ActiveCfg = Release|Any CPU
		{9B3E2869-BBBC-405B-9B34-4E148E01BFB0}.Release-Staging-Aew|Any CPU.Build.0 = Release|Any CPU
		{9B3E2869-BBBC-405B-9B34-4E148E01BFB0}.Release-Staging-Sncf|Any CPU.ActiveCfg = Release|Any CPU
		{9B3E2869-BBBC-405B-9B34-4E148E01BFB0}.Release-Staging-Sncf|Any CPU.Build.0 = Release|Any CPU
		{9B3E2869-BBBC-405B-9B34-4E148E01BFB0}.Release-Uat|Any CPU.ActiveCfg = Release|Any CPU
		{9B3E2869-BBBC-405B-9B34-4E148E01BFB0}.Release-Uat|Any CPU.Build.0 = Release|Any CPU
		{C083A60F-D38C-4ACE-BAD8-7922309C55C8}.Debug|Any CPU.ActiveCfg = Debug|Any CPU
		{C083A60F-D38C-4ACE-BAD8-7922309C55C8}.Debug|Any CPU.Build.0 = Debug|Any CPU
		{C083A60F-D38C-4ACE-BAD8-7922309C55C8}.Release|Any CPU.ActiveCfg = Release|Any CPU
		{C083A60F-D38C-4ACE-BAD8-7922309C55C8}.Release|Any CPU.Build.0 = Release|Any CPU
		{C083A60F-D38C-4ACE-BAD8-7922309C55C8}.Release-Dev|Any CPU.ActiveCfg = Release|Any CPU
		{C083A60F-D38C-4ACE-BAD8-7922309C55C8}.Release-Dev|Any CPU.Build.0 = Release|Any CPU
		{C083A60F-D38C-4ACE-BAD8-7922309C55C8}.Release-Prod-Aew|Any CPU.ActiveCfg = Release|Any CPU
		{C083A60F-D38C-4ACE-BAD8-7922309C55C8}.Release-Prod-Aew|Any CPU.Build.0 = Release|Any CPU
		{C083A60F-D38C-4ACE-BAD8-7922309C55C8}.Release-Prod-Demo|Any CPU.ActiveCfg = Release|Any CPU
		{C083A60F-D38C-4ACE-BAD8-7922309C55C8}.Release-Prod-Demo|Any CPU.Build.0 = Release|Any CPU
		{C083A60F-D38C-4ACE-BAD8-7922309C55C8}.Release-Prod-Krialys|Any CPU.ActiveCfg = Release|Any CPU
		{C083A60F-D38C-4ACE-BAD8-7922309C55C8}.Release-Prod-Krialys|Any CPU.Build.0 = Release|Any CPU
		{C083A60F-D38C-4ACE-BAD8-7922309C55C8}.Release-Prod-Sncf|Any CPU.ActiveCfg = Release|Any CPU
		{C083A60F-D38C-4ACE-BAD8-7922309C55C8}.Release-Prod-Sncf|Any CPU.Build.0 = Release|Any CPU
		{C083A60F-D38C-4ACE-BAD8-7922309C55C8}.Release-Staging-Aew|Any CPU.ActiveCfg = Release|Any CPU
		{C083A60F-D38C-4ACE-BAD8-7922309C55C8}.Release-Staging-Aew|Any CPU.Build.0 = Release|Any CPU
		{C083A60F-D38C-4ACE-BAD8-7922309C55C8}.Release-Staging-Sncf|Any CPU.ActiveCfg = Release|Any CPU
		{C083A60F-D38C-4ACE-BAD8-7922309C55C8}.Release-Staging-Sncf|Any CPU.Build.0 = Release|Any CPU
		{C083A60F-D38C-4ACE-BAD8-7922309C55C8}.Release-Uat|Any CPU.ActiveCfg = Release|Any CPU
		{C083A60F-D38C-4ACE-BAD8-7922309C55C8}.Release-Uat|Any CPU.Build.0 = Release|Any CPU
		{9E3F2282-5AF6-4790-9D72-A31BE3DF6A93}.Debug|Any CPU.ActiveCfg = Debug|Any CPU
		{9E3F2282-5AF6-4790-9D72-A31BE3DF6A93}.Debug|Any CPU.Build.0 = Debug|Any CPU
		{9E3F2282-5AF6-4790-9D72-A31BE3DF6A93}.Release|Any CPU.ActiveCfg = Release|Any CPU
		{9E3F2282-5AF6-4790-9D72-A31BE3DF6A93}.Release|Any CPU.Build.0 = Release|Any CPU
		{9E3F2282-5AF6-4790-9D72-A31BE3DF6A93}.Release-Dev|Any CPU.ActiveCfg = Release|Any CPU
		{9E3F2282-5AF6-4790-9D72-A31BE3DF6A93}.Release-Dev|Any CPU.Build.0 = Release|Any CPU
		{9E3F2282-5AF6-4790-9D72-A31BE3DF6A93}.Release-Prod-Aew|Any CPU.ActiveCfg = Release|Any CPU
		{9E3F2282-5AF6-4790-9D72-A31BE3DF6A93}.Release-Prod-Aew|Any CPU.Build.0 = Release|Any CPU
		{9E3F2282-5AF6-4790-9D72-A31BE3DF6A93}.Release-Prod-Demo|Any CPU.ActiveCfg = Release|Any CPU
		{9E3F2282-5AF6-4790-9D72-A31BE3DF6A93}.Release-Prod-Demo|Any CPU.Build.0 = Release|Any CPU
		{9E3F2282-5AF6-4790-9D72-A31BE3DF6A93}.Release-Prod-Krialys|Any CPU.ActiveCfg = Release|Any CPU
		{9E3F2282-5AF6-4790-9D72-A31BE3DF6A93}.Release-Prod-Krialys|Any CPU.Build.0 = Release|Any CPU
		{9E3F2282-5AF6-4790-9D72-A31BE3DF6A93}.Release-Prod-Sncf|Any CPU.ActiveCfg = Release|Any CPU
		{9E3F2282-5AF6-4790-9D72-A31BE3DF6A93}.Release-Prod-Sncf|Any CPU.Build.0 = Release|Any CPU
		{9E3F2282-5AF6-4790-9D72-A31BE3DF6A93}.Release-Staging-Aew|Any CPU.ActiveCfg = Release|Any CPU
		{9E3F2282-5AF6-4790-9D72-A31BE3DF6A93}.Release-Staging-Aew|Any CPU.Build.0 = Release|Any CPU
		{9E3F2282-5AF6-4790-9D72-A31BE3DF6A93}.Release-Staging-Sncf|Any CPU.ActiveCfg = Release|Any CPU
		{9E3F2282-5AF6-4790-9D72-A31BE3DF6A93}.Release-Staging-Sncf|Any CPU.Build.0 = Release|Any CPU
		{9E3F2282-5AF6-4790-9D72-A31BE3DF6A93}.Release-Uat|Any CPU.ActiveCfg = Release|Any CPU
		{9E3F2282-5AF6-4790-9D72-A31BE3DF6A93}.Release-Uat|Any CPU.Build.0 = Release|Any CPU
		{0E1AB384-FCEC-4FCE-A5F9-480DBB1725BD}.Debug|Any CPU.ActiveCfg = Debug|Any CPU
		{0E1AB384-FCEC-4FCE-A5F9-480DBB1725BD}.Debug|Any CPU.Build.0 = Debug|Any CPU
		{0E1AB384-FCEC-4FCE-A5F9-480DBB1725BD}.Release|Any CPU.ActiveCfg = Release|Any CPU
		{0E1AB384-FCEC-4FCE-A5F9-480DBB1725BD}.Release|Any CPU.Build.0 = Release|Any CPU
		{0E1AB384-FCEC-4FCE-A5F9-480DBB1725BD}.Release-Dev|Any CPU.ActiveCfg = Release|Any CPU
		{0E1AB384-FCEC-4FCE-A5F9-480DBB1725BD}.Release-Dev|Any CPU.Build.0 = Release|Any CPU
		{0E1AB384-FCEC-4FCE-A5F9-480DBB1725BD}.Release-Prod-Aew|Any CPU.ActiveCfg = Release|Any CPU
		{0E1AB384-FCEC-4FCE-A5F9-480DBB1725BD}.Release-Prod-Aew|Any CPU.Build.0 = Release|Any CPU
		{0E1AB384-FCEC-4FCE-A5F9-480DBB1725BD}.Release-Prod-Demo|Any CPU.ActiveCfg = Release|Any CPU
		{0E1AB384-FCEC-4FCE-A5F9-480DBB1725BD}.Release-Prod-Demo|Any CPU.Build.0 = Release|Any CPU
		{0E1AB384-FCEC-4FCE-A5F9-480DBB1725BD}.Release-Prod-Krialys|Any CPU.ActiveCfg = Release|Any CPU
		{0E1AB384-FCEC-4FCE-A5F9-480DBB1725BD}.Release-Prod-Krialys|Any CPU.Build.0 = Release|Any CPU
		{0E1AB384-FCEC-4FCE-A5F9-480DBB1725BD}.Release-Prod-Sncf|Any CPU.ActiveCfg = Release|Any CPU
		{0E1AB384-FCEC-4FCE-A5F9-480DBB1725BD}.Release-Prod-Sncf|Any CPU.Build.0 = Release|Any CPU
		{0E1AB384-FCEC-4FCE-A5F9-480DBB1725BD}.Release-Staging-Aew|Any CPU.ActiveCfg = Release|Any CPU
		{0E1AB384-FCEC-4FCE-A5F9-480DBB1725BD}.Release-Staging-Aew|Any CPU.Build.0 = Release|Any CPU
		{0E1AB384-FCEC-4FCE-A5F9-480DBB1725BD}.Release-Staging-Sncf|Any CPU.ActiveCfg = Release|Any CPU
		{0E1AB384-FCEC-4FCE-A5F9-480DBB1725BD}.Release-Staging-Sncf|Any CPU.Build.0 = Release|Any CPU
		{0E1AB384-FCEC-4FCE-A5F9-480DBB1725BD}.Release-Uat|Any CPU.ActiveCfg = Release|Any CPU
		{0E1AB384-FCEC-4FCE-A5F9-480DBB1725BD}.Release-Uat|Any CPU.Build.0 = Release|Any CPU
		{537F81B4-9ECF-42A1-A2FA-EE3270D0E4F6}.Debug|Any CPU.ActiveCfg = Debug|Any CPU
		{537F81B4-9ECF-42A1-A2FA-EE3270D0E4F6}.Debug|Any CPU.Build.0 = Debug|Any CPU
		{537F81B4-9ECF-42A1-A2FA-EE3270D0E4F6}.Release|Any CPU.ActiveCfg = Release|Any CPU
		{537F81B4-9ECF-42A1-A2FA-EE3270D0E4F6}.Release|Any CPU.Build.0 = Release|Any CPU
		{537F81B4-9ECF-42A1-A2FA-EE3270D0E4F6}.Release-Dev|Any CPU.ActiveCfg = Release|Any CPU
		{537F81B4-9ECF-42A1-A2FA-EE3270D0E4F6}.Release-Dev|Any CPU.Build.0 = Release|Any CPU
		{537F81B4-9ECF-42A1-A2FA-EE3270D0E4F6}.Release-Prod-Aew|Any CPU.ActiveCfg = Release|Any CPU
		{537F81B4-9ECF-42A1-A2FA-EE3270D0E4F6}.Release-Prod-Aew|Any CPU.Build.0 = Release|Any CPU
		{537F81B4-9ECF-42A1-A2FA-EE3270D0E4F6}.Release-Prod-Demo|Any CPU.ActiveCfg = Release|Any CPU
		{537F81B4-9ECF-42A1-A2FA-EE3270D0E4F6}.Release-Prod-Demo|Any CPU.Build.0 = Release|Any CPU
		{537F81B4-9ECF-42A1-A2FA-EE3270D0E4F6}.Release-Prod-Krialys|Any CPU.ActiveCfg = Release|Any CPU
		{537F81B4-9ECF-42A1-A2FA-EE3270D0E4F6}.Release-Prod-Krialys|Any CPU.Build.0 = Release|Any CPU
		{537F81B4-9ECF-42A1-A2FA-EE3270D0E4F6}.Release-Prod-Sncf|Any CPU.ActiveCfg = Release|Any CPU
		{537F81B4-9ECF-42A1-A2FA-EE3270D0E4F6}.Release-Prod-Sncf|Any CPU.Build.0 = Release|Any CPU
		{537F81B4-9ECF-42A1-A2FA-EE3270D0E4F6}.Release-Staging-Aew|Any CPU.ActiveCfg = Release|Any CPU
		{537F81B4-9ECF-42A1-A2FA-EE3270D0E4F6}.Release-Staging-Aew|Any CPU.Build.0 = Release|Any CPU
		{537F81B4-9ECF-42A1-A2FA-EE3270D0E4F6}.Release-Staging-Sncf|Any CPU.ActiveCfg = Release|Any CPU
		{537F81B4-9ECF-42A1-A2FA-EE3270D0E4F6}.Release-Staging-Sncf|Any CPU.Build.0 = Release|Any CPU
		{537F81B4-9ECF-42A1-A2FA-EE3270D0E4F6}.Release-Uat|Any CPU.ActiveCfg = Release|Any CPU
		{537F81B4-9ECF-42A1-A2FA-EE3270D0E4F6}.Release-Uat|Any CPU.Build.0 = Release|Any CPU
		{219B8EB0-9DE2-4876-8320-5F95BFC018D3}.Debug|Any CPU.ActiveCfg = Debug|Any CPU
		{219B8EB0-9DE2-4876-8320-5F95BFC018D3}.Debug|Any CPU.Build.0 = Debug|Any CPU
		{219B8EB0-9DE2-4876-8320-5F95BFC018D3}.Release|Any CPU.ActiveCfg = Release|Any CPU
		{219B8EB0-9DE2-4876-8320-5F95BFC018D3}.Release|Any CPU.Build.0 = Release|Any CPU
		{219B8EB0-9DE2-4876-8320-5F95BFC018D3}.Release-Dev|Any CPU.ActiveCfg = Release|Any CPU
		{219B8EB0-9DE2-4876-8320-5F95BFC018D3}.Release-Dev|Any CPU.Build.0 = Release|Any CPU
		{219B8EB0-9DE2-4876-8320-5F95BFC018D3}.Release-Prod-Aew|Any CPU.ActiveCfg = Release|Any CPU
		{219B8EB0-9DE2-4876-8320-5F95BFC018D3}.Release-Prod-Aew|Any CPU.Build.0 = Release|Any CPU
		{219B8EB0-9DE2-4876-8320-5F95BFC018D3}.Release-Prod-Demo|Any CPU.ActiveCfg = Release|Any CPU
		{219B8EB0-9DE2-4876-8320-5F95BFC018D3}.Release-Prod-Demo|Any CPU.Build.0 = Release|Any CPU
		{219B8EB0-9DE2-4876-8320-5F95BFC018D3}.Release-Prod-Krialys|Any CPU.ActiveCfg = Release|Any CPU
		{219B8EB0-9DE2-4876-8320-5F95BFC018D3}.Release-Prod-Krialys|Any CPU.Build.0 = Release|Any CPU
		{219B8EB0-9DE2-4876-8320-5F95BFC018D3}.Release-Prod-Sncf|Any CPU.ActiveCfg = Release|Any CPU
		{219B8EB0-9DE2-4876-8320-5F95BFC018D3}.Release-Prod-Sncf|Any CPU.Build.0 = Release|Any CPU
		{219B8EB0-9DE2-4876-8320-5F95BFC018D3}.Release-Staging-Aew|Any CPU.ActiveCfg = Release|Any CPU
		{219B8EB0-9DE2-4876-8320-5F95BFC018D3}.Release-Staging-Aew|Any CPU.Build.0 = Release|Any CPU
		{219B8EB0-9DE2-4876-8320-5F95BFC018D3}.Release-Staging-Sncf|Any CPU.ActiveCfg = Release|Any CPU
		{219B8EB0-9DE2-4876-8320-5F95BFC018D3}.Release-Staging-Sncf|Any CPU.Build.0 = Release|Any CPU
		{219B8EB0-9DE2-4876-8320-5F95BFC018D3}.Release-Uat|Any CPU.ActiveCfg = Release|Any CPU
		{219B8EB0-9DE2-4876-8320-5F95BFC018D3}.Release-Uat|Any CPU.Build.0 = Release|Any CPU
		{9F9B10CD-BB30-4690-91BE-A333423D87A4}.Debug|Any CPU.ActiveCfg = Debug|Any CPU
		{9F9B10CD-BB30-4690-91BE-A333423D87A4}.Debug|Any CPU.Build.0 = Debug|Any CPU
		{9F9B10CD-BB30-4690-91BE-A333423D87A4}.Release|Any CPU.ActiveCfg = Release|Any CPU
		{9F9B10CD-BB30-4690-91BE-A333423D87A4}.Release|Any CPU.Build.0 = Release|Any CPU
		{9F9B10CD-BB30-4690-91BE-A333423D87A4}.Release-Dev|Any CPU.ActiveCfg = Release|Any CPU
		{9F9B10CD-BB30-4690-91BE-A333423D87A4}.Release-Dev|Any CPU.Build.0 = Release|Any CPU
		{9F9B10CD-BB30-4690-91BE-A333423D87A4}.Release-Prod-Aew|Any CPU.ActiveCfg = Release|Any CPU
		{9F9B10CD-BB30-4690-91BE-A333423D87A4}.Release-Prod-Aew|Any CPU.Build.0 = Release|Any CPU
		{9F9B10CD-BB30-4690-91BE-A333423D87A4}.Release-Prod-Demo|Any CPU.ActiveCfg = Release|Any CPU
		{9F9B10CD-BB30-4690-91BE-A333423D87A4}.Release-Prod-Demo|Any CPU.Build.0 = Release|Any CPU
		{9F9B10CD-BB30-4690-91BE-A333423D87A4}.Release-Prod-Krialys|Any CPU.ActiveCfg = Release|Any CPU
		{9F9B10CD-BB30-4690-91BE-A333423D87A4}.Release-Prod-Krialys|Any CPU.Build.0 = Release|Any CPU
		{9F9B10CD-BB30-4690-91BE-A333423D87A4}.Release-Prod-Sncf|Any CPU.ActiveCfg = Release|Any CPU
		{9F9B10CD-BB30-4690-91BE-A333423D87A4}.Release-Prod-Sncf|Any CPU.Build.0 = Release|Any CPU
		{9F9B10CD-BB30-4690-91BE-A333423D87A4}.Release-Staging-Aew|Any CPU.ActiveCfg = Release|Any CPU
		{9F9B10CD-BB30-4690-91BE-A333423D87A4}.Release-Staging-Aew|Any CPU.Build.0 = Release|Any CPU
		{9F9B10CD-BB30-4690-91BE-A333423D87A4}.Release-Staging-Sncf|Any CPU.ActiveCfg = Release|Any CPU
		{9F9B10CD-BB30-4690-91BE-A333423D87A4}.Release-Staging-Sncf|Any CPU.Build.0 = Release|Any CPU
		{9F9B10CD-BB30-4690-91BE-A333423D87A4}.Release-Uat|Any CPU.ActiveCfg = Release|Any CPU
		{9F9B10CD-BB30-4690-91BE-A333423D87A4}.Release-Uat|Any CPU.Build.0 = Release|Any CPU
		{6EFAE2B7-CC67-49E1-B662-E1E445E38F45}.Debug|Any CPU.ActiveCfg = Debug|Any CPU
		{6EFAE2B7-CC67-49E1-B662-E1E445E38F45}.Debug|Any CPU.Build.0 = Debug|Any CPU
		{6EFAE2B7-CC67-49E1-B662-E1E445E38F45}.Release|Any CPU.ActiveCfg = Release|Any CPU
		{6EFAE2B7-CC67-49E1-B662-E1E445E38F45}.Release|Any CPU.Build.0 = Release|Any CPU
		{6EFAE2B7-CC67-49E1-B662-E1E445E38F45}.Release-Dev|Any CPU.ActiveCfg = Release|Any CPU
		{6EFAE2B7-CC67-49E1-B662-E1E445E38F45}.Release-Dev|Any CPU.Build.0 = Release|Any CPU
		{6EFAE2B7-CC67-49E1-B662-E1E445E38F45}.Release-Prod-Aew|Any CPU.ActiveCfg = Release|Any CPU
		{6EFAE2B7-CC67-49E1-B662-E1E445E38F45}.Release-Prod-Aew|Any CPU.Build.0 = Release|Any CPU
		{6EFAE2B7-CC67-49E1-B662-E1E445E38F45}.Release-Prod-Demo|Any CPU.ActiveCfg = Release|Any CPU
		{6EFAE2B7-CC67-49E1-B662-E1E445E38F45}.Release-Prod-Demo|Any CPU.Build.0 = Release|Any CPU
		{6EFAE2B7-CC67-49E1-B662-E1E445E38F45}.Release-Prod-Krialys|Any CPU.ActiveCfg = Release|Any CPU
		{6EFAE2B7-CC67-49E1-B662-E1E445E38F45}.Release-Prod-Krialys|Any CPU.Build.0 = Release|Any CPU
		{6EFAE2B7-CC67-49E1-B662-E1E445E38F45}.Release-Prod-Sncf|Any CPU.ActiveCfg = Release|Any CPU
		{6EFAE2B7-CC67-49E1-B662-E1E445E38F45}.Release-Prod-Sncf|Any CPU.Build.0 = Release|Any CPU
		{6EFAE2B7-CC67-49E1-B662-E1E445E38F45}.Release-Staging-Aew|Any CPU.ActiveCfg = Release|Any CPU
		{6EFAE2B7-CC67-49E1-B662-E1E445E38F45}.Release-Staging-Aew|Any CPU.Build.0 = Release|Any CPU
		{6EFAE2B7-CC67-49E1-B662-E1E445E38F45}.Release-Staging-Sncf|Any CPU.ActiveCfg = Release|Any CPU
		{6EFAE2B7-CC67-49E1-B662-E1E445E38F45}.Release-Staging-Sncf|Any CPU.Build.0 = Release|Any CPU
		{6EFAE2B7-CC67-49E1-B662-E1E445E38F45}.Release-Uat|Any CPU.ActiveCfg = Release|Any CPU
		{6EFAE2B7-CC67-49E1-B662-E1E445E38F45}.Release-Uat|Any CPU.Build.0 = Release|Any CPU
		{E65AB891-2E2F-4865-8C36-ACF2A628C523}.Debug|Any CPU.ActiveCfg = Debug|Any CPU
		{E65AB891-2E2F-4865-8C36-ACF2A628C523}.Debug|Any CPU.Build.0 = Debug|Any CPU
		{E65AB891-2E2F-4865-8C36-ACF2A628C523}.Release|Any CPU.ActiveCfg = Release|Any CPU
		{E65AB891-2E2F-4865-8C36-ACF2A628C523}.Release|Any CPU.Build.0 = Release|Any CPU
		{E65AB891-2E2F-4865-8C36-ACF2A628C523}.Release-Dev|Any CPU.ActiveCfg = Release|Any CPU
		{E65AB891-2E2F-4865-8C36-ACF2A628C523}.Release-Dev|Any CPU.Build.0 = Release|Any CPU
		{E65AB891-2E2F-4865-8C36-ACF2A628C523}.Release-Prod-Aew|Any CPU.ActiveCfg = Release|Any CPU
		{E65AB891-2E2F-4865-8C36-ACF2A628C523}.Release-Prod-Aew|Any CPU.Build.0 = Release|Any CPU
		{E65AB891-2E2F-4865-8C36-ACF2A628C523}.Release-Prod-Demo|Any CPU.ActiveCfg = Release|Any CPU
		{E65AB891-2E2F-4865-8C36-ACF2A628C523}.Release-Prod-Demo|Any CPU.Build.0 = Release|Any CPU
		{E65AB891-2E2F-4865-8C36-ACF2A628C523}.Release-Prod-Krialys|Any CPU.ActiveCfg = Release|Any CPU
		{E65AB891-2E2F-4865-8C36-ACF2A628C523}.Release-Prod-Krialys|Any CPU.Build.0 = Release|Any CPU
		{E65AB891-2E2F-4865-8C36-ACF2A628C523}.Release-Prod-Sncf|Any CPU.ActiveCfg = Release|Any CPU
		{E65AB891-2E2F-4865-8C36-ACF2A628C523}.Release-Prod-Sncf|Any CPU.Build.0 = Release|Any CPU
		{E65AB891-2E2F-4865-8C36-ACF2A628C523}.Release-Staging-Aew|Any CPU.ActiveCfg = Release|Any CPU
		{E65AB891-2E2F-4865-8C36-ACF2A628C523}.Release-Staging-Aew|Any CPU.Build.0 = Release|Any CPU
		{E65AB891-2E2F-4865-8C36-ACF2A628C523}.Release-Staging-Sncf|Any CPU.ActiveCfg = Release|Any CPU
		{E65AB891-2E2F-4865-8C36-ACF2A628C523}.Release-Staging-Sncf|Any CPU.Build.0 = Release|Any CPU
		{E65AB891-2E2F-4865-8C36-ACF2A628C523}.Release-Uat|Any CPU.ActiveCfg = Release|Any CPU
		{E65AB891-2E2F-4865-8C36-ACF2A628C523}.Release-Uat|Any CPU.Build.0 = Release|Any CPU
		{0F6C6735-31CC-43ED-9029-970BDC90DD31}.Debug|Any CPU.ActiveCfg = Debug|Any CPU
		{0F6C6735-31CC-43ED-9029-970BDC90DD31}.Debug|Any CPU.Build.0 = Debug|Any CPU
		{0F6C6735-31CC-43ED-9029-970BDC90DD31}.Release|Any CPU.ActiveCfg = Release|Any CPU
		{0F6C6735-31CC-43ED-9029-970BDC90DD31}.Release|Any CPU.Build.0 = Release|Any CPU
		{0F6C6735-31CC-43ED-9029-970BDC90DD31}.Release-Dev|Any CPU.ActiveCfg = Release|Any CPU
		{0F6C6735-31CC-43ED-9029-970BDC90DD31}.Release-Dev|Any CPU.Build.0 = Release|Any CPU
		{0F6C6735-31CC-43ED-9029-970BDC90DD31}.Release-Prod-Aew|Any CPU.ActiveCfg = Release|Any CPU
		{0F6C6735-31CC-43ED-9029-970BDC90DD31}.Release-Prod-Aew|Any CPU.Build.0 = Release|Any CPU
		{0F6C6735-31CC-43ED-9029-970BDC90DD31}.Release-Prod-Demo|Any CPU.ActiveCfg = Release|Any CPU
		{0F6C6735-31CC-43ED-9029-970BDC90DD31}.Release-Prod-Demo|Any CPU.Build.0 = Release|Any CPU
		{0F6C6735-31CC-43ED-9029-970BDC90DD31}.Release-Prod-Krialys|Any CPU.ActiveCfg = Release|Any CPU
		{0F6C6735-31CC-43ED-9029-970BDC90DD31}.Release-Prod-Krialys|Any CPU.Build.0 = Release|Any CPU
		{0F6C6735-31CC-43ED-9029-970BDC90DD31}.Release-Prod-Sncf|Any CPU.ActiveCfg = Release|Any CPU
		{0F6C6735-31CC-43ED-9029-970BDC90DD31}.Release-Prod-Sncf|Any CPU.Build.0 = Release|Any CPU
		{0F6C6735-31CC-43ED-9029-970BDC90DD31}.Release-Staging-Aew|Any CPU.ActiveCfg = Release|Any CPU
		{0F6C6735-31CC-43ED-9029-970BDC90DD31}.Release-Staging-Aew|Any CPU.Build.0 = Release|Any CPU
		{0F6C6735-31CC-43ED-9029-970BDC90DD31}.Release-Staging-Sncf|Any CPU.ActiveCfg = Release|Any CPU
		{0F6C6735-31CC-43ED-9029-970BDC90DD31}.Release-Staging-Sncf|Any CPU.Build.0 = Release|Any CPU
		{0F6C6735-31CC-43ED-9029-970BDC90DD31}.Release-Uat|Any CPU.ActiveCfg = Release|Any CPU
		{0F6C6735-31CC-43ED-9029-970BDC90DD31}.Release-Uat|Any CPU.Build.0 = Release|Any CPU
		{87D89202-14D2-4256-A6B4-0983A5F40968}.Debug|Any CPU.ActiveCfg = Debug|Any CPU
		{87D89202-14D2-4256-A6B4-0983A5F40968}.Debug|Any CPU.Build.0 = Debug|Any CPU
		{87D89202-14D2-4256-A6B4-0983A5F40968}.Release|Any CPU.ActiveCfg = Release|Any CPU
		{87D89202-14D2-4256-A6B4-0983A5F40968}.Release|Any CPU.Build.0 = Release|Any CPU
		{87D89202-14D2-4256-A6B4-0983A5F40968}.Release-Dev|Any CPU.ActiveCfg = Release|Any CPU
		{87D89202-14D2-4256-A6B4-0983A5F40968}.Release-Dev|Any CPU.Build.0 = Release|Any CPU
		{87D89202-14D2-4256-A6B4-0983A5F40968}.Release-Prod-Aew|Any CPU.ActiveCfg = Release|Any CPU
		{87D89202-14D2-4256-A6B4-0983A5F40968}.Release-Prod-Aew|Any CPU.Build.0 = Release|Any CPU
		{87D89202-14D2-4256-A6B4-0983A5F40968}.Release-Prod-Demo|Any CPU.ActiveCfg = Release|Any CPU
		{87D89202-14D2-4256-A6B4-0983A5F40968}.Release-Prod-Demo|Any CPU.Build.0 = Release|Any CPU
		{87D89202-14D2-4256-A6B4-0983A5F40968}.Release-Prod-Krialys|Any CPU.ActiveCfg = Release|Any CPU
		{87D89202-14D2-4256-A6B4-0983A5F40968}.Release-Prod-Krialys|Any CPU.Build.0 = Release|Any CPU
		{87D89202-14D2-4256-A6B4-0983A5F40968}.Release-Prod-Sncf|Any CPU.ActiveCfg = Release|Any CPU
		{87D89202-14D2-4256-A6B4-0983A5F40968}.Release-Prod-Sncf|Any CPU.Build.0 = Release|Any CPU
		{87D89202-14D2-4256-A6B4-0983A5F40968}.Release-Staging-Aew|Any CPU.ActiveCfg = Release|Any CPU
		{87D89202-14D2-4256-A6B4-0983A5F40968}.Release-Staging-Aew|Any CPU.Build.0 = Release|Any CPU
		{87D89202-14D2-4256-A6B4-0983A5F40968}.Release-Staging-Sncf|Any CPU.ActiveCfg = Release|Any CPU
		{87D89202-14D2-4256-A6B4-0983A5F40968}.Release-Staging-Sncf|Any CPU.Build.0 = Release|Any CPU
		{87D89202-14D2-4256-A6B4-0983A5F40968}.Release-Uat|Any CPU.ActiveCfg = Release|Any CPU
		{87D89202-14D2-4256-A6B4-0983A5F40968}.Release-Uat|Any CPU.Build.0 = Release|Any CPU
		{55BBC440-2D16-4099-8590-C9815C70807D}.Debug|Any CPU.ActiveCfg = Debug|Any CPU
		{55BBC440-2D16-4099-8590-C9815C70807D}.Debug|Any CPU.Build.0 = Debug|Any CPU
		{55BBC440-2D16-4099-8590-C9815C70807D}.Release|Any CPU.ActiveCfg = Release|Any CPU
		{55BBC440-2D16-4099-8590-C9815C70807D}.Release|Any CPU.Build.0 = Release|Any CPU
		{55BBC440-2D16-4099-8590-C9815C70807D}.Release-Dev|Any CPU.ActiveCfg = Release|Any CPU
		{55BBC440-2D16-4099-8590-C9815C70807D}.Release-Dev|Any CPU.Build.0 = Release|Any CPU
		{55BBC440-2D16-4099-8590-C9815C70807D}.Release-Prod-Aew|Any CPU.ActiveCfg = Release|Any CPU
		{55BBC440-2D16-4099-8590-C9815C70807D}.Release-Prod-Aew|Any CPU.Build.0 = Release|Any CPU
		{55BBC440-2D16-4099-8590-C9815C70807D}.Release-Prod-Demo|Any CPU.ActiveCfg = Release|Any CPU
		{55BBC440-2D16-4099-8590-C9815C70807D}.Release-Prod-Demo|Any CPU.Build.0 = Release|Any CPU
		{55BBC440-2D16-4099-8590-C9815C70807D}.Release-Prod-Krialys|Any CPU.ActiveCfg = Release|Any CPU
		{55BBC440-2D16-4099-8590-C9815C70807D}.Release-Prod-Krialys|Any CPU.Build.0 = Release|Any CPU
		{55BBC440-2D16-4099-8590-C9815C70807D}.Release-Prod-Sncf|Any CPU.ActiveCfg = Release|Any CPU
		{55BBC440-2D16-4099-8590-C9815C70807D}.Release-Prod-Sncf|Any CPU.Build.0 = Release|Any CPU
		{55BBC440-2D16-4099-8590-C9815C70807D}.Release-Staging-Aew|Any CPU.ActiveCfg = Release|Any CPU
		{55BBC440-2D16-4099-8590-C9815C70807D}.Release-Staging-Aew|Any CPU.Build.0 = Release|Any CPU
		{55BBC440-2D16-4099-8590-C9815C70807D}.Release-Staging-Sncf|Any CPU.ActiveCfg = Release|Any CPU
		{55BBC440-2D16-4099-8590-C9815C70807D}.Release-Staging-Sncf|Any CPU.Build.0 = Release|Any CPU
		{55BBC440-2D16-4099-8590-C9815C70807D}.Release-Uat|Any CPU.ActiveCfg = Release|Any CPU
		{55BBC440-2D16-4099-8590-C9815C70807D}.Release-Uat|Any CPU.Build.0 = Release|Any CPU
		{8F80692A-94E9-4A44-873B-8AE7D87E8961}.Debug|Any CPU.ActiveCfg = Debug|Any CPU
		{8F80692A-94E9-4A44-873B-8AE7D87E8961}.Debug|Any CPU.Build.0 = Debug|Any CPU
		{8F80692A-94E9-4A44-873B-8AE7D87E8961}.Release|Any CPU.ActiveCfg = Release|Any CPU
		{8F80692A-94E9-4A44-873B-8AE7D87E8961}.Release|Any CPU.Build.0 = Release|Any CPU
		{8F80692A-94E9-4A44-873B-8AE7D87E8961}.Release-Dev|Any CPU.ActiveCfg = Release|Any CPU
		{8F80692A-94E9-4A44-873B-8AE7D87E8961}.Release-Dev|Any CPU.Build.0 = Release|Any CPU
		{8F80692A-94E9-4A44-873B-8AE7D87E8961}.Release-Prod-Aew|Any CPU.ActiveCfg = Release|Any CPU
		{8F80692A-94E9-4A44-873B-8AE7D87E8961}.Release-Prod-Aew|Any CPU.Build.0 = Release|Any CPU
		{8F80692A-94E9-4A44-873B-8AE7D87E8961}.Release-Prod-Demo|Any CPU.ActiveCfg = Release|Any CPU
		{8F80692A-94E9-4A44-873B-8AE7D87E8961}.Release-Prod-Demo|Any CPU.Build.0 = Release|Any CPU
		{8F80692A-94E9-4A44-873B-8AE7D87E8961}.Release-Prod-Krialys|Any CPU.ActiveCfg = Release|Any CPU
		{8F80692A-94E9-4A44-873B-8AE7D87E8961}.Release-Prod-Krialys|Any CPU.Build.0 = Release|Any CPU
		{8F80692A-94E9-4A44-873B-8AE7D87E8961}.Release-Prod-Sncf|Any CPU.ActiveCfg = Release|Any CPU
		{8F80692A-94E9-4A44-873B-8AE7D87E8961}.Release-Prod-Sncf|Any CPU.Build.0 = Release|Any CPU
		{8F80692A-94E9-4A44-873B-8AE7D87E8961}.Release-Staging-Aew|Any CPU.ActiveCfg = Release|Any CPU
		{8F80692A-94E9-4A44-873B-8AE7D87E8961}.Release-Staging-Aew|Any CPU.Build.0 = Release|Any CPU
		{8F80692A-94E9-4A44-873B-8AE7D87E8961}.Release-Staging-Sncf|Any CPU.ActiveCfg = Release|Any CPU
		{8F80692A-94E9-4A44-873B-8AE7D87E8961}.Release-Staging-Sncf|Any CPU.Build.0 = Release|Any CPU
		{8F80692A-94E9-4A44-873B-8AE7D87E8961}.Release-Uat|Any CPU.ActiveCfg = Release|Any CPU
		{8F80692A-94E9-4A44-873B-8AE7D87E8961}.Release-Uat|Any CPU.Build.0 = Release|Any CPU
		{44748A8F-7F3A-4859-B16E-368DC300C830}.Debug|Any CPU.ActiveCfg = Debug|Any CPU
		{44748A8F-7F3A-4859-B16E-368DC300C830}.Debug|Any CPU.Build.0 = Debug|Any CPU
		{44748A8F-7F3A-4859-B16E-368DC300C830}.Release|Any CPU.ActiveCfg = Release|Any CPU
		{44748A8F-7F3A-4859-B16E-368DC300C830}.Release|Any CPU.Build.0 = Release|Any CPU
		{44748A8F-7F3A-4859-B16E-368DC300C830}.Release-Dev|Any CPU.ActiveCfg = Release|Any CPU
		{44748A8F-7F3A-4859-B16E-368DC300C830}.Release-Dev|Any CPU.Build.0 = Release|Any CPU
		{44748A8F-7F3A-4859-B16E-368DC300C830}.Release-Prod-Aew|Any CPU.ActiveCfg = Release|Any CPU
		{44748A8F-7F3A-4859-B16E-368DC300C830}.Release-Prod-Aew|Any CPU.Build.0 = Release|Any CPU
		{44748A8F-7F3A-4859-B16E-368DC300C830}.Release-Prod-Demo|Any CPU.ActiveCfg = Release|Any CPU
		{44748A8F-7F3A-4859-B16E-368DC300C830}.Release-Prod-Demo|Any CPU.Build.0 = Release|Any CPU
		{44748A8F-7F3A-4859-B16E-368DC300C830}.Release-Prod-Krialys|Any CPU.ActiveCfg = Release|Any CPU
		{44748A8F-7F3A-4859-B16E-368DC300C830}.Release-Prod-Krialys|Any CPU.Build.0 = Release|Any CPU
		{44748A8F-7F3A-4859-B16E-368DC300C830}.Release-Prod-Sncf|Any CPU.ActiveCfg = Release|Any CPU
		{44748A8F-7F3A-4859-B16E-368DC300C830}.Release-Prod-Sncf|Any CPU.Build.0 = Release|Any CPU
		{44748A8F-7F3A-4859-B16E-368DC300C830}.Release-Staging-Aew|Any CPU.ActiveCfg = Release|Any CPU
		{44748A8F-7F3A-4859-B16E-368DC300C830}.Release-Staging-Aew|Any CPU.Build.0 = Release|Any CPU
		{44748A8F-7F3A-4859-B16E-368DC300C830}.Release-Staging-Sncf|Any CPU.ActiveCfg = Release|Any CPU
		{44748A8F-7F3A-4859-B16E-368DC300C830}.Release-Staging-Sncf|Any CPU.Build.0 = Release|Any CPU
		{44748A8F-7F3A-4859-B16E-368DC300C830}.Release-Uat|Any CPU.ActiveCfg = Release|Any CPU
		{44748A8F-7F3A-4859-B16E-368DC300C830}.Release-Uat|Any CPU.Build.0 = Release|Any CPU
		{013E6B38-249B-4618-88D4-A29AAB5DF0FE}.Debug|Any CPU.ActiveCfg = Debug|Any CPU
		{013E6B38-249B-4618-88D4-A29AAB5DF0FE}.Debug|Any CPU.Build.0 = Debug|Any CPU
		{013E6B38-249B-4618-88D4-A29AAB5DF0FE}.Release|Any CPU.ActiveCfg = Release|Any CPU
		{013E6B38-249B-4618-88D4-A29AAB5DF0FE}.Release|Any CPU.Build.0 = Release|Any CPU
		{013E6B38-249B-4618-88D4-A29AAB5DF0FE}.Release-Dev|Any CPU.ActiveCfg = Release|Any CPU
		{013E6B38-249B-4618-88D4-A29AAB5DF0FE}.Release-Dev|Any CPU.Build.0 = Release|Any CPU
		{013E6B38-249B-4618-88D4-A29AAB5DF0FE}.Release-Prod-Aew|Any CPU.ActiveCfg = Release|Any CPU
		{013E6B38-249B-4618-88D4-A29AAB5DF0FE}.Release-Prod-Aew|Any CPU.Build.0 = Release|Any CPU
		{013E6B38-249B-4618-88D4-A29AAB5DF0FE}.Release-Prod-Demo|Any CPU.ActiveCfg = Release|Any CPU
		{013E6B38-249B-4618-88D4-A29AAB5DF0FE}.Release-Prod-Demo|Any CPU.Build.0 = Release|Any CPU
		{013E6B38-249B-4618-88D4-A29AAB5DF0FE}.Release-Prod-Krialys|Any CPU.ActiveCfg = Release|Any CPU
		{013E6B38-249B-4618-88D4-A29AAB5DF0FE}.Release-Prod-Krialys|Any CPU.Build.0 = Release|Any CPU
		{013E6B38-249B-4618-88D4-A29AAB5DF0FE}.Release-Prod-Sncf|Any CPU.ActiveCfg = Release|Any CPU
		{013E6B38-249B-4618-88D4-A29AAB5DF0FE}.Release-Prod-Sncf|Any CPU.Build.0 = Release|Any CPU
		{013E6B38-249B-4618-88D4-A29AAB5DF0FE}.Release-Staging-Aew|Any CPU.ActiveCfg = Release|Any CPU
		{013E6B38-249B-4618-88D4-A29AAB5DF0FE}.Release-Staging-Aew|Any CPU.Build.0 = Release|Any CPU
		{013E6B38-249B-4618-88D4-A29AAB5DF0FE}.Release-Staging-Sncf|Any CPU.ActiveCfg = Release|Any CPU
		{013E6B38-249B-4618-88D4-A29AAB5DF0FE}.Release-Staging-Sncf|Any CPU.Build.0 = Release|Any CPU
		{013E6B38-249B-4618-88D4-A29AAB5DF0FE}.Release-Uat|Any CPU.ActiveCfg = Release|Any CPU
		{013E6B38-249B-4618-88D4-A29AAB5DF0FE}.Release-Uat|Any CPU.Build.0 = Release|Any CPU
		{BC7EB59E-A3A5-4541-B40A-AC94551C83BF}.Debug|Any CPU.ActiveCfg = Debug|Any CPU
		{BC7EB59E-A3A5-4541-B40A-AC94551C83BF}.Debug|Any CPU.Build.0 = Debug|Any CPU
		{BC7EB59E-A3A5-4541-B40A-AC94551C83BF}.Release|Any CPU.ActiveCfg = Release|Any CPU
		{BC7EB59E-A3A5-4541-B40A-AC94551C83BF}.Release|Any CPU.Build.0 = Release|Any CPU
		{BC7EB59E-A3A5-4541-B40A-AC94551C83BF}.Release-Dev|Any CPU.ActiveCfg = Release|Any CPU
		{BC7EB59E-A3A5-4541-B40A-AC94551C83BF}.Release-Dev|Any CPU.Build.0 = Release|Any CPU
		{BC7EB59E-A3A5-4541-B40A-AC94551C83BF}.Release-Prod-Aew|Any CPU.ActiveCfg = Release|Any CPU
		{BC7EB59E-A3A5-4541-B40A-AC94551C83BF}.Release-Prod-Aew|Any CPU.Build.0 = Release|Any CPU
		{BC7EB59E-A3A5-4541-B40A-AC94551C83BF}.Release-Prod-Demo|Any CPU.ActiveCfg = Release|Any CPU
		{BC7EB59E-A3A5-4541-B40A-AC94551C83BF}.Release-Prod-Demo|Any CPU.Build.0 = Release|Any CPU
		{BC7EB59E-A3A5-4541-B40A-AC94551C83BF}.Release-Prod-Krialys|Any CPU.ActiveCfg = Release|Any CPU
		{BC7EB59E-A3A5-4541-B40A-AC94551C83BF}.Release-Prod-Krialys|Any CPU.Build.0 = Release|Any CPU
		{BC7EB59E-A3A5-4541-B40A-AC94551C83BF}.Release-Prod-Sncf|Any CPU.ActiveCfg = Release|Any CPU
		{BC7EB59E-A3A5-4541-B40A-AC94551C83BF}.Release-Prod-Sncf|Any CPU.Build.0 = Release|Any CPU
		{BC7EB59E-A3A5-4541-B40A-AC94551C83BF}.Release-Staging-Aew|Any CPU.ActiveCfg = Release|Any CPU
		{BC7EB59E-A3A5-4541-B40A-AC94551C83BF}.Release-Staging-Aew|Any CPU.Build.0 = Release|Any CPU
		{BC7EB59E-A3A5-4541-B40A-AC94551C83BF}.Release-Staging-Sncf|Any CPU.ActiveCfg = Release|Any CPU
		{BC7EB59E-A3A5-4541-B40A-AC94551C83BF}.Release-Staging-Sncf|Any CPU.Build.0 = Release|Any CPU
		{BC7EB59E-A3A5-4541-B40A-AC94551C83BF}.Release-Uat|Any CPU.ActiveCfg = Release|Any CPU
		{BC7EB59E-A3A5-4541-B40A-AC94551C83BF}.Release-Uat|Any CPU.Build.0 = Release|Any CPU
		{5BC504A4-25DE-4627-B50B-8C5548DFEDEC}.Debug|Any CPU.ActiveCfg = Debug|Any CPU
		{5BC504A4-25DE-4627-B50B-8C5548DFEDEC}.Debug|Any CPU.Build.0 = Debug|Any CPU
		{5BC504A4-25DE-4627-B50B-8C5548DFEDEC}.Release|Any CPU.ActiveCfg = Release|Any CPU
		{5BC504A4-25DE-4627-B50B-8C5548DFEDEC}.Release|Any CPU.Build.0 = Release|Any CPU
		{5BC504A4-25DE-4627-B50B-8C5548DFEDEC}.Release-Dev|Any CPU.ActiveCfg = Release|Any CPU
		{5BC504A4-25DE-4627-B50B-8C5548DFEDEC}.Release-Dev|Any CPU.Build.0 = Release|Any CPU
		{5BC504A4-25DE-4627-B50B-8C5548DFEDEC}.Release-Prod-Aew|Any CPU.ActiveCfg = Release|Any CPU
		{5BC504A4-25DE-4627-B50B-8C5548DFEDEC}.Release-Prod-Aew|Any CPU.Build.0 = Release|Any CPU
		{5BC504A4-25DE-4627-B50B-8C5548DFEDEC}.Release-Prod-Demo|Any CPU.ActiveCfg = Release|Any CPU
		{5BC504A4-25DE-4627-B50B-8C5548DFEDEC}.Release-Prod-Demo|Any CPU.Build.0 = Release|Any CPU
		{5BC504A4-25DE-4627-B50B-8C5548DFEDEC}.Release-Prod-Krialys|Any CPU.ActiveCfg = Release|Any CPU
		{5BC504A4-25DE-4627-B50B-8C5548DFEDEC}.Release-Prod-Krialys|Any CPU.Build.0 = Release|Any CPU
		{5BC504A4-25DE-4627-B50B-8C5548DFEDEC}.Release-Prod-Sncf|Any CPU.ActiveCfg = Release|Any CPU
		{5BC504A4-25DE-4627-B50B-8C5548DFEDEC}.Release-Prod-Sncf|Any CPU.Build.0 = Release|Any CPU
		{5BC504A4-25DE-4627-B50B-8C5548DFEDEC}.Release-Staging-Aew|Any CPU.ActiveCfg = Release|Any CPU
		{5BC504A4-25DE-4627-B50B-8C5548DFEDEC}.Release-Staging-Aew|Any CPU.Build.0 = Release|Any CPU
		{5BC504A4-25DE-4627-B50B-8C5548DFEDEC}.Release-Staging-Sncf|Any CPU.ActiveCfg = Release|Any CPU
		{5BC504A4-25DE-4627-B50B-8C5548DFEDEC}.Release-Staging-Sncf|Any CPU.Build.0 = Release|Any CPU
		{5BC504A4-25DE-4627-B50B-8C5548DFEDEC}.Release-Uat|Any CPU.ActiveCfg = Release|Any CPU
		{5BC504A4-25DE-4627-B50B-8C5548DFEDEC}.Release-Uat|Any CPU.Build.0 = Release|Any CPU
		{E55778BD-87F8-48B0-80CC-EF8191466CCA}.Debug|Any CPU.ActiveCfg = Debug|Any CPU
		{E55778BD-87F8-48B0-80CC-EF8191466CCA}.Debug|Any CPU.Build.0 = Debug|Any CPU
		{E55778BD-87F8-48B0-80CC-EF8191466CCA}.Release|Any CPU.ActiveCfg = Release|Any CPU
		{E55778BD-87F8-48B0-80CC-EF8191466CCA}.Release|Any CPU.Build.0 = Release|Any CPU
		{E55778BD-87F8-48B0-80CC-EF8191466CCA}.Release-Dev|Any CPU.ActiveCfg = Release|Any CPU
		{E55778BD-87F8-48B0-80CC-EF8191466CCA}.Release-Dev|Any CPU.Build.0 = Release|Any CPU
		{E55778BD-87F8-48B0-80CC-EF8191466CCA}.Release-Prod-Aew|Any CPU.ActiveCfg = Release|Any CPU
		{E55778BD-87F8-48B0-80CC-EF8191466CCA}.Release-Prod-Aew|Any CPU.Build.0 = Release|Any CPU
		{E55778BD-87F8-48B0-80CC-EF8191466CCA}.Release-Prod-Demo|Any CPU.ActiveCfg = Release|Any CPU
		{E55778BD-87F8-48B0-80CC-EF8191466CCA}.Release-Prod-Demo|Any CPU.Build.0 = Release|Any CPU
		{E55778BD-87F8-48B0-80CC-EF8191466CCA}.Release-Prod-Krialys|Any CPU.ActiveCfg = Release|Any CPU
		{E55778BD-87F8-48B0-80CC-EF8191466CCA}.Release-Prod-Krialys|Any CPU.Build.0 = Release|Any CPU
		{E55778BD-87F8-48B0-80CC-EF8191466CCA}.Release-Prod-Sncf|Any CPU.ActiveCfg = Release|Any CPU
		{E55778BD-87F8-48B0-80CC-EF8191466CCA}.Release-Prod-Sncf|Any CPU.Build.0 = Release|Any CPU
		{E55778BD-87F8-48B0-80CC-EF8191466CCA}.Release-Staging-Aew|Any CPU.ActiveCfg = Release|Any CPU
		{E55778BD-87F8-48B0-80CC-EF8191466CCA}.Release-Staging-Aew|Any CPU.Build.0 = Release|Any CPU
		{E55778BD-87F8-48B0-80CC-EF8191466CCA}.Release-Staging-Sncf|Any CPU.ActiveCfg = Release|Any CPU
		{E55778BD-87F8-48B0-80CC-EF8191466CCA}.Release-Staging-Sncf|Any CPU.Build.0 = Release|Any CPU
		{E55778BD-87F8-48B0-80CC-EF8191466CCA}.Release-Uat|Any CPU.ActiveCfg = Release|Any CPU
		{E55778BD-87F8-48B0-80CC-EF8191466CCA}.Release-Uat|Any CPU.Build.0 = Release|Any CPU
		{106C1B40-A658-47A0-8C44-48F8755736FA}.Debug|Any CPU.ActiveCfg = Debug|Any CPU
		{106C1B40-A658-47A0-8C44-48F8755736FA}.Debug|Any CPU.Build.0 = Debug|Any CPU
		{106C1B40-A658-47A0-8C44-48F8755736FA}.Release|Any CPU.ActiveCfg = Release|Any CPU
		{106C1B40-A658-47A0-8C44-48F8755736FA}.Release|Any CPU.Build.0 = Release|Any CPU
		{106C1B40-A658-47A0-8C44-48F8755736FA}.Release-Dev|Any CPU.ActiveCfg = Release|Any CPU
		{106C1B40-A658-47A0-8C44-48F8755736FA}.Release-Dev|Any CPU.Build.0 = Release|Any CPU
		{106C1B40-A658-47A0-8C44-48F8755736FA}.Release-Prod-Aew|Any CPU.ActiveCfg = Release|Any CPU
		{106C1B40-A658-47A0-8C44-48F8755736FA}.Release-Prod-Aew|Any CPU.Build.0 = Release|Any CPU
		{106C1B40-A658-47A0-8C44-48F8755736FA}.Release-Prod-Demo|Any CPU.ActiveCfg = Release|Any CPU
		{106C1B40-A658-47A0-8C44-48F8755736FA}.Release-Prod-Demo|Any CPU.Build.0 = Release|Any CPU
		{106C1B40-A658-47A0-8C44-48F8755736FA}.Release-Prod-Krialys|Any CPU.ActiveCfg = Release|Any CPU
		{106C1B40-A658-47A0-8C44-48F8755736FA}.Release-Prod-Krialys|Any CPU.Build.0 = Release|Any CPU
		{106C1B40-A658-47A0-8C44-48F8755736FA}.Release-Prod-Sncf|Any CPU.ActiveCfg = Release|Any CPU
		{106C1B40-A658-47A0-8C44-48F8755736FA}.Release-Prod-Sncf|Any CPU.Build.0 = Release|Any CPU
		{106C1B40-A658-47A0-8C44-48F8755736FA}.Release-Staging-Aew|Any CPU.ActiveCfg = Release|Any CPU
		{106C1B40-A658-47A0-8C44-48F8755736FA}.Release-Staging-Aew|Any CPU.Build.0 = Release|Any CPU
		{106C1B40-A658-47A0-8C44-48F8755736FA}.Release-Staging-Sncf|Any CPU.ActiveCfg = Release|Any CPU
		{106C1B40-A658-47A0-8C44-48F8755736FA}.Release-Staging-Sncf|Any CPU.Build.0 = Release|Any CPU
		{106C1B40-A658-47A0-8C44-48F8755736FA}.Release-Uat|Any CPU.ActiveCfg = Release|Any CPU
		{106C1B40-A658-47A0-8C44-48F8755736FA}.Release-Uat|Any CPU.Build.0 = Release|Any CPU
		{3EEEA170-FB13-4689-8D0D-793AE6361DB5}.Debug|Any CPU.ActiveCfg = Debug|Any CPU
		{3EEEA170-FB13-4689-8D0D-793AE6361DB5}.Debug|Any CPU.Build.0 = Debug|Any CPU
		{3EEEA170-FB13-4689-8D0D-793AE6361DB5}.Release|Any CPU.ActiveCfg = Release|Any CPU
		{3EEEA170-FB13-4689-8D0D-793AE6361DB5}.Release|Any CPU.Build.0 = Release|Any CPU
		{3EEEA170-FB13-4689-8D0D-793AE6361DB5}.Release-Dev|Any CPU.ActiveCfg = Release|Any CPU
		{3EEEA170-FB13-4689-8D0D-793AE6361DB5}.Release-Dev|Any CPU.Build.0 = Release|Any CPU
		{3EEEA170-FB13-4689-8D0D-793AE6361DB5}.Release-Prod-Aew|Any CPU.ActiveCfg = Release|Any CPU
		{3EEEA170-FB13-4689-8D0D-793AE6361DB5}.Release-Prod-Aew|Any CPU.Build.0 = Release|Any CPU
		{3EEEA170-FB13-4689-8D0D-793AE6361DB5}.Release-Prod-Demo|Any CPU.ActiveCfg = Release|Any CPU
		{3EEEA170-FB13-4689-8D0D-793AE6361DB5}.Release-Prod-Demo|Any CPU.Build.0 = Release|Any CPU
		{3EEEA170-FB13-4689-8D0D-793AE6361DB5}.Release-Prod-Krialys|Any CPU.ActiveCfg = Release|Any CPU
		{3EEEA170-FB13-4689-8D0D-793AE6361DB5}.Release-Prod-Krialys|Any CPU.Build.0 = Release|Any CPU
		{3EEEA170-FB13-4689-8D0D-793AE6361DB5}.Release-Prod-Sncf|Any CPU.ActiveCfg = Release|Any CPU
		{3EEEA170-FB13-4689-8D0D-793AE6361DB5}.Release-Prod-Sncf|Any CPU.Build.0 = Release|Any CPU
		{3EEEA170-FB13-4689-8D0D-793AE6361DB5}.Release-Staging-Aew|Any CPU.ActiveCfg = Release|Any CPU
		{3EEEA170-FB13-4689-8D0D-793AE6361DB5}.Release-Staging-Aew|Any CPU.Build.0 = Release|Any CPU
		{3EEEA170-FB13-4689-8D0D-793AE6361DB5}.Release-Staging-Sncf|Any CPU.ActiveCfg = Release|Any CPU
		{3EEEA170-FB13-4689-8D0D-793AE6361DB5}.Release-Staging-Sncf|Any CPU.Build.0 = Release|Any CPU
		{3EEEA170-FB13-4689-8D0D-793AE6361DB5}.Release-Uat|Any CPU.ActiveCfg = Release|Any CPU
		{3EEEA170-FB13-4689-8D0D-793AE6361DB5}.Release-Uat|Any CPU.Build.0 = Release|Any CPU
		{F1D9B367-7CBD-4EBC-92C8-040DDCC0959E}.Debug|Any CPU.ActiveCfg = Debug|Any CPU
		{F1D9B367-7CBD-4EBC-92C8-040DDCC0959E}.Debug|Any CPU.Build.0 = Debug|Any CPU
		{F1D9B367-7CBD-4EBC-92C8-040DDCC0959E}.Release|Any CPU.ActiveCfg = Release|Any CPU
		{F1D9B367-7CBD-4EBC-92C8-040DDCC0959E}.Release|Any CPU.Build.0 = Release|Any CPU
		{F1D9B367-7CBD-4EBC-92C8-040DDCC0959E}.Release-Dev|Any CPU.ActiveCfg = Release|Any CPU
		{F1D9B367-7CBD-4EBC-92C8-040DDCC0959E}.Release-Dev|Any CPU.Build.0 = Release|Any CPU
		{F1D9B367-7CBD-4EBC-92C8-040DDCC0959E}.Release-Prod-Aew|Any CPU.ActiveCfg = Release|Any CPU
		{F1D9B367-7CBD-4EBC-92C8-040DDCC0959E}.Release-Prod-Aew|Any CPU.Build.0 = Release|Any CPU
		{F1D9B367-7CBD-4EBC-92C8-040DDCC0959E}.Release-Prod-Demo|Any CPU.ActiveCfg = Release|Any CPU
		{F1D9B367-7CBD-4EBC-92C8-040DDCC0959E}.Release-Prod-Demo|Any CPU.Build.0 = Release|Any CPU
		{F1D9B367-7CBD-4EBC-92C8-040DDCC0959E}.Release-Prod-Krialys|Any CPU.ActiveCfg = Release|Any CPU
		{F1D9B367-7CBD-4EBC-92C8-040DDCC0959E}.Release-Prod-Krialys|Any CPU.Build.0 = Release|Any CPU
		{F1D9B367-7CBD-4EBC-92C8-040DDCC0959E}.Release-Prod-Sncf|Any CPU.ActiveCfg = Release|Any CPU
		{F1D9B367-7CBD-4EBC-92C8-040DDCC0959E}.Release-Prod-Sncf|Any CPU.Build.0 = Release|Any CPU
		{F1D9B367-7CBD-4EBC-92C8-040DDCC0959E}.Release-Staging-Aew|Any CPU.ActiveCfg = Release|Any CPU
		{F1D9B367-7CBD-4EBC-92C8-040DDCC0959E}.Release-Staging-Aew|Any CPU.Build.0 = Release|Any CPU
		{F1D9B367-7CBD-4EBC-92C8-040DDCC0959E}.Release-Staging-Sncf|Any CPU.ActiveCfg = Release|Any CPU
		{F1D9B367-7CBD-4EBC-92C8-040DDCC0959E}.Release-Staging-Sncf|Any CPU.Build.0 = Release|Any CPU
		{F1D9B367-7CBD-4EBC-92C8-040DDCC0959E}.Release-Uat|Any CPU.ActiveCfg = Release|Any CPU
		{F1D9B367-7CBD-4EBC-92C8-040DDCC0959E}.Release-Uat|Any CPU.Build.0 = Release|Any CPU
		{26268781-AA60-420A-8F1C-83CAFAC3ACBA}.Debug|Any CPU.ActiveCfg = Debug|Any CPU
		{26268781-AA60-420A-8F1C-83CAFAC3ACBA}.Debug|Any CPU.Build.0 = Debug|Any CPU
		{26268781-AA60-420A-8F1C-83CAFAC3ACBA}.Release|Any CPU.ActiveCfg = Release|Any CPU
		{26268781-AA60-420A-8F1C-83CAFAC3ACBA}.Release|Any CPU.Build.0 = Release|Any CPU
		{26268781-AA60-420A-8F1C-83CAFAC3ACBA}.Release-Dev|Any CPU.ActiveCfg = Release|Any CPU
		{26268781-AA60-420A-8F1C-83CAFAC3ACBA}.Release-Dev|Any CPU.Build.0 = Release|Any CPU
		{26268781-AA60-420A-8F1C-83CAFAC3ACBA}.Release-Prod-Aew|Any CPU.ActiveCfg = Release|Any CPU
		{26268781-AA60-420A-8F1C-83CAFAC3ACBA}.Release-Prod-Aew|Any CPU.Build.0 = Release|Any CPU
		{26268781-AA60-420A-8F1C-83CAFAC3ACBA}.Release-Prod-Demo|Any CPU.ActiveCfg = Release|Any CPU
		{26268781-AA60-420A-8F1C-83CAFAC3ACBA}.Release-Prod-Demo|Any CPU.Build.0 = Release|Any CPU
		{26268781-AA60-420A-8F1C-83CAFAC3ACBA}.Release-Prod-Krialys|Any CPU.ActiveCfg = Release|Any CPU
		{26268781-AA60-420A-8F1C-83CAFAC3ACBA}.Release-Prod-Krialys|Any CPU.Build.0 = Release|Any CPU
		{26268781-AA60-420A-8F1C-83CAFAC3ACBA}.Release-Prod-Sncf|Any CPU.ActiveCfg = Release|Any CPU
		{26268781-AA60-420A-8F1C-83CAFAC3ACBA}.Release-Prod-Sncf|Any CPU.Build.0 = Release|Any CPU
		{26268781-AA60-420A-8F1C-83CAFAC3ACBA}.Release-Staging-Aew|Any CPU.ActiveCfg = Release|Any CPU
		{26268781-AA60-420A-8F1C-83CAFAC3ACBA}.Release-Staging-Aew|Any CPU.Build.0 = Release|Any CPU
		{26268781-AA60-420A-8F1C-83CAFAC3ACBA}.Release-Staging-Sncf|Any CPU.ActiveCfg = Release|Any CPU
		{26268781-AA60-420A-8F1C-83CAFAC3ACBA}.Release-Staging-Sncf|Any CPU.Build.0 = Release|Any CPU
		{26268781-AA60-420A-8F1C-83CAFAC3ACBA}.Release-Uat|Any CPU.ActiveCfg = Release|Any CPU
		{26268781-AA60-420A-8F1C-83CAFAC3ACBA}.Release-Uat|Any CPU.Build.0 = Release|Any CPU
		{EC27A4D4-0690-41F7-846E-A334E636987D}.Debug|Any CPU.ActiveCfg = Debug|Any CPU
		{EC27A4D4-0690-41F7-846E-A334E636987D}.Debug|Any CPU.Build.0 = Debug|Any CPU
		{EC27A4D4-0690-41F7-846E-A334E636987D}.Release|Any CPU.ActiveCfg = Release|Any CPU
		{EC27A4D4-0690-41F7-846E-A334E636987D}.Release|Any CPU.Build.0 = Release|Any CPU
		{EC27A4D4-0690-41F7-846E-A334E636987D}.Release-Dev|Any CPU.ActiveCfg = Release|Any CPU
		{EC27A4D4-0690-41F7-846E-A334E636987D}.Release-Dev|Any CPU.Build.0 = Release|Any CPU
		{EC27A4D4-0690-41F7-846E-A334E636987D}.Release-Prod-Aew|Any CPU.ActiveCfg = Release|Any CPU
		{EC27A4D4-0690-41F7-846E-A334E636987D}.Release-Prod-Aew|Any CPU.Build.0 = Release|Any CPU
		{EC27A4D4-0690-41F7-846E-A334E636987D}.Release-Prod-Demo|Any CPU.ActiveCfg = Release|Any CPU
		{EC27A4D4-0690-41F7-846E-A334E636987D}.Release-Prod-Demo|Any CPU.Build.0 = Release|Any CPU
		{EC27A4D4-0690-41F7-846E-A334E636987D}.Release-Prod-Krialys|Any CPU.ActiveCfg = Release|Any CPU
		{EC27A4D4-0690-41F7-846E-A334E636987D}.Release-Prod-Krialys|Any CPU.Build.0 = Release|Any CPU
		{EC27A4D4-0690-41F7-846E-A334E636987D}.Release-Prod-Sncf|Any CPU.ActiveCfg = Release|Any CPU
		{EC27A4D4-0690-41F7-846E-A334E636987D}.Release-Prod-Sncf|Any CPU.Build.0 = Release|Any CPU
		{EC27A4D4-0690-41F7-846E-A334E636987D}.Release-Staging-Aew|Any CPU.ActiveCfg = Release|Any CPU
		{EC27A4D4-0690-41F7-846E-A334E636987D}.Release-Staging-Aew|Any CPU.Build.0 = Release|Any CPU
		{EC27A4D4-0690-41F7-846E-A334E636987D}.Release-Staging-Sncf|Any CPU.ActiveCfg = Release|Any CPU
		{EC27A4D4-0690-41F7-846E-A334E636987D}.Release-Staging-Sncf|Any CPU.Build.0 = Release|Any CPU
		{EC27A4D4-0690-41F7-846E-A334E636987D}.Release-Uat|Any CPU.ActiveCfg = Release|Any CPU
		{EC27A4D4-0690-41F7-846E-A334E636987D}.Release-Uat|Any CPU.Build.0 = Release|Any CPU
		{037D8E41-913A-41AB-AC40-61D803E2CBDE}.Debug|Any CPU.ActiveCfg = Debug|Any CPU
		{037D8E41-913A-41AB-AC40-61D803E2CBDE}.Debug|Any CPU.Build.0 = Debug|Any CPU
		{037D8E41-913A-41AB-AC40-61D803E2CBDE}.Release|Any CPU.ActiveCfg = Release|Any CPU
		{037D8E41-913A-41AB-AC40-61D803E2CBDE}.Release|Any CPU.Build.0 = Release|Any CPU
		{037D8E41-913A-41AB-AC40-61D803E2CBDE}.Release-Dev|Any CPU.ActiveCfg = Release|Any CPU
		{037D8E41-913A-41AB-AC40-61D803E2CBDE}.Release-Dev|Any CPU.Build.0 = Release|Any CPU
		{037D8E41-913A-41AB-AC40-61D803E2CBDE}.Release-Prod-Aew|Any CPU.ActiveCfg = Release|Any CPU
		{037D8E41-913A-41AB-AC40-61D803E2CBDE}.Release-Prod-Aew|Any CPU.Build.0 = Release|Any CPU
		{037D8E41-913A-41AB-AC40-61D803E2CBDE}.Release-Prod-Demo|Any CPU.ActiveCfg = Release|Any CPU
		{037D8E41-913A-41AB-AC40-61D803E2CBDE}.Release-Prod-Demo|Any CPU.Build.0 = Release|Any CPU
		{037D8E41-913A-41AB-AC40-61D803E2CBDE}.Release-Prod-Krialys|Any CPU.ActiveCfg = Release|Any CPU
		{037D8E41-913A-41AB-AC40-61D803E2CBDE}.Release-Prod-Krialys|Any CPU.Build.0 = Release|Any CPU
		{037D8E41-913A-41AB-AC40-61D803E2CBDE}.Release-Prod-Sncf|Any CPU.ActiveCfg = Release|Any CPU
		{037D8E41-913A-41AB-AC40-61D803E2CBDE}.Release-Prod-Sncf|Any CPU.Build.0 = Release|Any CPU
		{037D8E41-913A-41AB-AC40-61D803E2CBDE}.Release-Staging-Aew|Any CPU.ActiveCfg = Release|Any CPU
		{037D8E41-913A-41AB-AC40-61D803E2CBDE}.Release-Staging-Aew|Any CPU.Build.0 = Release|Any CPU
		{037D8E41-913A-41AB-AC40-61D803E2CBDE}.Release-Staging-Sncf|Any CPU.ActiveCfg = Release|Any CPU
		{037D8E41-913A-41AB-AC40-61D803E2CBDE}.Release-Staging-Sncf|Any CPU.Build.0 = Release|Any CPU
		{037D8E41-913A-41AB-AC40-61D803E2CBDE}.Release-Uat|Any CPU.ActiveCfg = Release|Any CPU
		{037D8E41-913A-41AB-AC40-61D803E2CBDE}.Release-Uat|Any CPU.Build.0 = Release|Any CPU
		{20D73219-3F71-418D-9C53-1BBB8802D464}.Debug|Any CPU.ActiveCfg = Debug|Any CPU
		{20D73219-3F71-418D-9C53-1BBB8802D464}.Debug|Any CPU.Build.0 = Debug|Any CPU
		{20D73219-3F71-418D-9C53-1BBB8802D464}.Release|Any CPU.ActiveCfg = Release|Any CPU
		{20D73219-3F71-418D-9C53-1BBB8802D464}.Release|Any CPU.Build.0 = Release|Any CPU
		{20D73219-3F71-418D-9C53-1BBB8802D464}.Release-Dev|Any CPU.ActiveCfg = Release|Any CPU
		{20D73219-3F71-418D-9C53-1BBB8802D464}.Release-Dev|Any CPU.Build.0 = Release|Any CPU
		{20D73219-3F71-418D-9C53-1BBB8802D464}.Release-Prod-Aew|Any CPU.ActiveCfg = Release|Any CPU
		{20D73219-3F71-418D-9C53-1BBB8802D464}.Release-Prod-Aew|Any CPU.Build.0 = Release|Any CPU
		{20D73219-3F71-418D-9C53-1BBB8802D464}.Release-Prod-Demo|Any CPU.ActiveCfg = Release|Any CPU
		{20D73219-3F71-418D-9C53-1BBB8802D464}.Release-Prod-Demo|Any CPU.Build.0 = Release|Any CPU
		{20D73219-3F71-418D-9C53-1BBB8802D464}.Release-Prod-Krialys|Any CPU.ActiveCfg = Release|Any CPU
		{20D73219-3F71-418D-9C53-1BBB8802D464}.Release-Prod-Krialys|Any CPU.Build.0 = Release|Any CPU
		{20D73219-3F71-418D-9C53-1BBB8802D464}.Release-Prod-Sncf|Any CPU.ActiveCfg = Release|Any CPU
		{20D73219-3F71-418D-9C53-1BBB8802D464}.Release-Prod-Sncf|Any CPU.Build.0 = Release|Any CPU
		{20D73219-3F71-418D-9C53-1BBB8802D464}.Release-Staging-Aew|Any CPU.ActiveCfg = Release|Any CPU
		{20D73219-3F71-418D-9C53-1BBB8802D464}.Release-Staging-Aew|Any CPU.Build.0 = Release|Any CPU
		{20D73219-3F71-418D-9C53-1BBB8802D464}.Release-Staging-Sncf|Any CPU.ActiveCfg = Release|Any CPU
		{20D73219-3F71-418D-9C53-1BBB8802D464}.Release-Staging-Sncf|Any CPU.Build.0 = Release|Any CPU
		{20D73219-3F71-418D-9C53-1BBB8802D464}.Release-Uat|Any CPU.ActiveCfg = Release|Any CPU
		{20D73219-3F71-418D-9C53-1BBB8802D464}.Release-Uat|Any CPU.Build.0 = Release|Any CPU
		{AEAA5F0C-27DB-430C-8D42-11D48B42C6FA}.Debug|Any CPU.ActiveCfg = Debug|Any CPU
		{AEAA5F0C-27DB-430C-8D42-11D48B42C6FA}.Debug|Any CPU.Build.0 = Debug|Any CPU
		{AEAA5F0C-27DB-430C-8D42-11D48B42C6FA}.Release|Any CPU.ActiveCfg = Release|Any CPU
		{AEAA5F0C-27DB-430C-8D42-11D48B42C6FA}.Release|Any CPU.Build.0 = Release|Any CPU
		{AEAA5F0C-27DB-430C-8D42-11D48B42C6FA}.Release-Dev|Any CPU.ActiveCfg = Release|Any CPU
		{AEAA5F0C-27DB-430C-8D42-11D48B42C6FA}.Release-Dev|Any CPU.Build.0 = Release|Any CPU
		{AEAA5F0C-27DB-430C-8D42-11D48B42C6FA}.Release-Prod-Aew|Any CPU.ActiveCfg = Release|Any CPU
		{AEAA5F0C-27DB-430C-8D42-11D48B42C6FA}.Release-Prod-Aew|Any CPU.Build.0 = Release|Any CPU
		{AEAA5F0C-27DB-430C-8D42-11D48B42C6FA}.Release-Prod-Demo|Any CPU.ActiveCfg = Release|Any CPU
		{AEAA5F0C-27DB-430C-8D42-11D48B42C6FA}.Release-Prod-Demo|Any CPU.Build.0 = Release|Any CPU
		{AEAA5F0C-27DB-430C-8D42-11D48B42C6FA}.Release-Prod-Krialys|Any CPU.ActiveCfg = Release|Any CPU
		{AEAA5F0C-27DB-430C-8D42-11D48B42C6FA}.Release-Prod-Krialys|Any CPU.Build.0 = Release|Any CPU
		{AEAA5F0C-27DB-430C-8D42-11D48B42C6FA}.Release-Prod-Sncf|Any CPU.ActiveCfg = Release|Any CPU
		{AEAA5F0C-27DB-430C-8D42-11D48B42C6FA}.Release-Prod-Sncf|Any CPU.Build.0 = Release|Any CPU
		{AEAA5F0C-27DB-430C-8D42-11D48B42C6FA}.Release-Staging-Aew|Any CPU.ActiveCfg = Release|Any CPU
		{AEAA5F0C-27DB-430C-8D42-11D48B42C6FA}.Release-Staging-Aew|Any CPU.Build.0 = Release|Any CPU
		{AEAA5F0C-27DB-430C-8D42-11D48B42C6FA}.Release-Staging-Sncf|Any CPU.ActiveCfg = Release|Any CPU
		{AEAA5F0C-27DB-430C-8D42-11D48B42C6FA}.Release-Staging-Sncf|Any CPU.Build.0 = Release|Any CPU
		{AEAA5F0C-27DB-430C-8D42-11D48B42C6FA}.Release-Uat|Any CPU.ActiveCfg = Release|Any CPU
		{AEAA5F0C-27DB-430C-8D42-11D48B42C6FA}.Release-Uat|Any CPU.Build.0 = Release|Any CPU
	EndGlobalSection
	GlobalSection(SolutionProperties) = preSolution
		HideSolutionNode = FALSE
	EndGlobalSection
	GlobalSection(NestedProjects) = preSolution
		{7246F0D7-6068-45FF-9377-7EC86517876F} = {B495A89C-A33E-4418-982A-C9F0A2C05540}
		{0BF83481-A0CB-435C-8492-F89FCE7C4E9A} = {B495A89C-A33E-4418-982A-C9F0A2C05540}
		{9D222E41-8B17-49F8-A838-8DA1247C68B4} = {B495A89C-A33E-4418-982A-C9F0A2C05540}
		{04637B27-7B4B-49CD-9593-4632E197EBEE} = {0BF83481-A0CB-435C-8492-F89FCE7C4E9A}
		{9D15115E-3364-476A-AB8C-89C6512751C3} = {0BF83481-A0CB-435C-8492-F89FCE7C4E9A}
		{5CF0092F-526A-498F-B014-58774E453F2F} = {3376F4DF-6CA6-47BB-909F-7504623182EB}
		{13318102-5ABB-4FF1-8CDA-7C1EDD821459} = {7246F0D7-6068-45FF-9377-7EC86517876F}
		{917C4C7C-9CD9-4FD1-9FE2-EEA5BAA69A11} = {CF595596-28CB-4800-87E2-DEDCBADB6F00}
		{FF06D1DD-A136-4F9A-899B-95536A7C7B26} = {57FD26F8-658D-4B59-83A4-B691F604D7E5}
		{51A75910-0AEE-4A27-8D7A-954335143A6D} = {57FD26F8-658D-4B59-83A4-B691F604D7E5}
		{969D4F6D-B6A1-48B7-937C-036936E7A434} = {7246F0D7-6068-45FF-9377-7EC86517876F}
		{8E03EA75-F1E0-45C3-90FC-C6EE9E8A4A5F} = {7246F0D7-6068-45FF-9377-7EC86517876F}
		{906D510C-2B05-428B-8AB0-504903F84736} = {B9039499-7B2C-4714-A631-25E239FBE189}
		{3376F4DF-6CA6-47BB-909F-7504623182EB} = {0BF83481-A0CB-435C-8492-F89FCE7C4E9A}
		{9B3E2869-BBBC-405B-9B34-4E148E01BFB0} = {3376F4DF-6CA6-47BB-909F-7504623182EB}
		{C083A60F-D38C-4ACE-BAD8-7922309C55C8} = {04637B27-7B4B-49CD-9593-4632E197EBEE}
		{9E3F2282-5AF6-4790-9D72-A31BE3DF6A93} = {04637B27-7B4B-49CD-9593-4632E197EBEE}
		{0E1AB384-FCEC-4FCE-A5F9-480DBB1725BD} = {04637B27-7B4B-49CD-9593-4632E197EBEE}
		{537F81B4-9ECF-42A1-A2FA-EE3270D0E4F6} = {04637B27-7B4B-49CD-9593-4632E197EBEE}
		{219B8EB0-9DE2-4876-8320-5F95BFC018D3} = {04637B27-7B4B-49CD-9593-4632E197EBEE}
		{9F9B10CD-BB30-4690-91BE-A333423D87A4} = {04637B27-7B4B-49CD-9593-4632E197EBEE}
		{6EFAE2B7-CC67-49E1-B662-E1E445E38F45} = {04637B27-7B4B-49CD-9593-4632E197EBEE}
		{E65AB891-2E2F-4865-8C36-ACF2A628C523} = {04637B27-7B4B-49CD-9593-4632E197EBEE}
		{0F6C6735-31CC-43ED-9029-970BDC90DD31} = {7246F0D7-6068-45FF-9377-7EC86517876F}
		{87D89202-14D2-4256-A6B4-0983A5F40968} = {51B96AE0-2B4D-4152-B44B-34AC45CB6D87}
		{55BBC440-2D16-4099-8590-C9815C70807D} = {7246F0D7-6068-45FF-9377-7EC86517876F}
		{91EBCB77-1569-4E31-BFC5-4F89EDCC74F4} = {906D510C-2B05-428B-8AB0-504903F84736}
		{8F80692A-94E9-4A44-873B-8AE7D87E8961} = {69152E56-C4FE-4742-BB8D-A934E5D35A7E}
		{69152E56-C4FE-4742-BB8D-A934E5D35A7E} = {B495A89C-A33E-4418-982A-C9F0A2C05540}
		{44748A8F-7F3A-4859-B16E-368DC300C830} = {7246F0D7-6068-45FF-9377-7EC86517876F}
		{013E6B38-249B-4618-88D4-A29AAB5DF0FE} = {3376F4DF-6CA6-47BB-909F-7504623182EB}
		{BC7EB59E-A3A5-4541-B40A-AC94551C83BF} = {51B96AE0-2B4D-4152-B44B-34AC45CB6D87}
		{5BC504A4-25DE-4627-B50B-8C5548DFEDEC} = {51B96AE0-2B4D-4152-B44B-34AC45CB6D87}
		{E55778BD-87F8-48B0-80CC-EF8191466CCA} = {51B96AE0-2B4D-4152-B44B-34AC45CB6D87}
		{106C1B40-A658-47A0-8C44-48F8755736FA} = {51B96AE0-2B4D-4152-B44B-34AC45CB6D87}
		{3EEEA170-FB13-4689-8D0D-793AE6361DB5} = {51B96AE0-2B4D-4152-B44B-34AC45CB6D87}
		{F1D9B367-7CBD-4EBC-92C8-040DDCC0959E} = {51B96AE0-2B4D-4152-B44B-34AC45CB6D87}
		{26268781-AA60-420A-8F1C-83CAFAC3ACBA} = {CF595596-28CB-4800-87E2-DEDCBADB6F00}
		{EC27A4D4-0690-41F7-846E-A334E636987D} = {7246F0D7-6068-45FF-9377-7EC86517876F}
		{037D8E41-913A-41AB-AC40-61D803E2CBDE} = {9D222E41-8B17-49F8-A838-8DA1247C68B4}
		{20D73219-3F71-418D-9C53-1BBB8802D464} = {B63551EF-19B4-4792-B3A8-B67CC9E7B9B8}
		{AEAA5F0C-27DB-430C-8D42-11D48B42C6FA} = {9D222E41-8B17-49F8-A838-8DA1247C68B4}
	EndGlobalSection
	GlobalSection(ExtensibilityGlobals) = postSolution
		SolutionGuid = {CC02BDD9-C3F2-46D9-BE7C-D312609FE8AB}
		RESX_PrefixTranslations = False
	EndGlobalSection
EndGlobal
